// !$*UTF8*$!
{
	archiveVersion = 1;
	classes = {
	};
	objectVersion = 46;
	objects = {

/* Begin PBXBuildFile section */
		2A36923D8DC76F5D59BCF3B7 /* libPods.a in Frameworks */ = {isa = PBXBuildFile; fileRef = 3953AC7E9F27FA436202F1C7 /* libPods.a */; };
		A10CD7041A364D79001863B9 /* Accounts.framework in Frameworks */ = {isa = PBXBuildFile; fileRef = A10CD7031A364D79001863B9 /* Accounts.framework */; };
		A10CD7061A364D84001863B9 /* Social.framework in Frameworks */ = {isa = PBXBuildFile; fileRef = A10CD7051A364D84001863B9 /* Social.framework */; };
		A111F7511A3260EA00ABFF70 /* Localizable.strings in Resources */ = {isa = PBXBuildFile; fileRef = A111F7531A3260EA00ABFF70 /* Localizable.strings */; };
		A12FAF861A8ECE2F00E2EEEC /* ComOpenThreadOTScreenshotHelperSwizzleHelper.m in Sources */ = {isa = PBXBuildFile; fileRef = A12FAF761A8ECE2F00E2EEEC /* ComOpenThreadOTScreenshotHelperSwizzleHelper.m */; };
		A12FAF871A8ECE2F00E2EEEC /* DragTableFooterView_ot.m in Sources */ = {isa = PBXBuildFile; fileRef = A12FAF791A8ECE2F00E2EEEC /* DragTableFooterView_ot.m */; };
		A12FAF881A8ECE2F00E2EEEC /* DragTableGestureObserver_ot.m in Sources */ = {isa = PBXBuildFile; fileRef = A12FAF7B1A8ECE2F00E2EEEC /* DragTableGestureObserver_ot.m */; };
		A12FAF891A8ECE2F00E2EEEC /* DragTableHeaderView_ot.m in Sources */ = {isa = PBXBuildFile; fileRef = A12FAF7D1A8ECE2F00E2EEEC /* DragTableHeaderView_ot.m */; };
		A12FAF8A1A8ECE2F00E2EEEC /* UIScrollView+DragTableSafeAnimation.m in Sources */ = {isa = PBXBuildFile; fileRef = A12FAF7F1A8ECE2F00E2EEEC /* UIScrollView+DragTableSafeAnimation.m */; };
		A12FAF8B1A8ECE2F00E2EEEC /* UITableView+DragLoad.m in Sources */ = {isa = PBXBuildFile; fileRef = A12FAF821A8ECE2F00E2EEEC /* UITableView+DragLoad.m */; };
		A12FAF8C1A8ECE2F00E2EEEC /* blueArrow.png in Resources */ = {isa = PBXBuildFile; fileRef = A12FAF841A8ECE2F00E2EEEC /* blueArrow.png */; };
		A12FAF8D1A8ECE2F00E2EEEC /* blueArrow@2x.png in Resources */ = {isa = PBXBuildFile; fileRef = A12FAF851A8ECE2F00E2EEEC /* blueArrow@2x.png */; };
		A12FD6A01A8ECEDF00E2EEEC /* NSTimer+Block.m in Sources */ = {isa = PBXBuildFile; fileRef = A12FD69F1A8ECEDF00E2EEEC /* NSTimer+Block.m */; };
		A12FD6A41A8ECFAD00E2EEEC /* ILTranslucentView.m in Sources */ = {isa = PBXBuildFile; fileRef = A12FD6A31A8ECFAD00E2EEEC /* ILTranslucentView.m */; };
		A15CE3EC1A100A8400F44C9A /* HalalGuideTests.m in Sources */ = {isa = PBXBuildFile; fileRef = A15CE3EB1A100A8400F44C9A /* HalalGuideTests.m */; };
		A162CDA01A62A74600FB71FA /* AssetsLibrary.framework in Frameworks */ = {isa = PBXBuildFile; fileRef = A162CD9F1A62A74600FB71FA /* AssetsLibrary.framework */; };
		A165DDC41A34EA2F00F43A15 /* AudioToolbox.framework in Frameworks */ = {isa = PBXBuildFile; fileRef = A165DDC31A34EA2F00F43A15 /* AudioToolbox.framework */; };
		A165DDC61A34EA3700F43A15 /* CFNetwork.framework in Frameworks */ = {isa = PBXBuildFile; fileRef = A165DDC51A34EA3700F43A15 /* CFNetwork.framework */; };
		A165DDC81A34EA4700F43A15 /* CoreLocation.framework in Frameworks */ = {isa = PBXBuildFile; fileRef = A165DDC71A34EA4700F43A15 /* CoreLocation.framework */; };
		A165DDCA1A34EA5300F43A15 /* libz.dylib in Frameworks */ = {isa = PBXBuildFile; fileRef = A165DDC91A34EA5300F43A15 /* libz.dylib */; };
		A165DDCC1A34EA7B00F43A15 /* MobileCoreServices.framework in Frameworks */ = {isa = PBXBuildFile; fileRef = A165DDCB1A34EA7B00F43A15 /* MobileCoreServices.framework */; };
		A165DDCE1A34EA8300F43A15 /* QuartzCore.framework in Frameworks */ = {isa = PBXBuildFile; fileRef = A165DDCD1A34EA8300F43A15 /* QuartzCore.framework */; };
		A165DDD01A34EA8E00F43A15 /* Security.framework in Frameworks */ = {isa = PBXBuildFile; fileRef = A165DDCF1A34EA8E00F43A15 /* Security.framework */; };
		A165DDD21A34EA9600F43A15 /* StoreKit.framework in Frameworks */ = {isa = PBXBuildFile; fileRef = A165DDD11A34EA9600F43A15 /* StoreKit.framework */; };
		A165DDD41A34EA9D00F43A15 /* SystemConfiguration.framework in Frameworks */ = {isa = PBXBuildFile; fileRef = A165DDD31A34EA9D00F43A15 /* SystemConfiguration.framework */; };
		A1A699CC1A7B9CE100AB1C6C /* Parse.framework in Frameworks */ = {isa = PBXBuildFile; fileRef = A1A699C81A7B9CE100AB1C6C /* Parse.framework */; };
		A1A699CD1A7B9CE100AB1C6C /* ParseCrashReporting.framework in Frameworks */ = {isa = PBXBuildFile; fileRef = A1A699C91A7B9CE100AB1C6C /* ParseCrashReporting.framework */; };
		A1A699CE1A7B9CE100AB1C6C /* ParseFacebookUtils.framework in Frameworks */ = {isa = PBXBuildFile; fileRef = A1A699CA1A7B9CE100AB1C6C /* ParseFacebookUtils.framework */; };
		A1A699CF1A7B9CE100AB1C6C /* ParseUI.framework in Frameworks */ = {isa = PBXBuildFile; fileRef = A1A699CB1A7B9CE100AB1C6C /* ParseUI.framework */; };
		A1BF83871A397A6500D3AFFC /* libstdc++.6.dylib in Frameworks */ = {isa = PBXBuildFile; fileRef = A1BF83861A397A6500D3AFFC /* libstdc++.6.dylib */; };
		A1BF83891A397A9B00D3AFFC /* libsqlite3.dylib in Frameworks */ = {isa = PBXBuildFile; fileRef = A1BF83881A397A9B00D3AFFC /* libsqlite3.dylib */; };
		A1C8B18F1A932D68009F2252 /* MainStoryboard.storyboard in Resources */ = {isa = PBXBuildFile; fileRef = A1B68FBF1A49572500AE9795 /* MainStoryboard.storyboard */; };
		A1E0C0521A17D14000757427 /* CoreData.framework in Frameworks */ = {isa = PBXBuildFile; fileRef = A1E0C0511A17D14000757427 /* CoreData.framework */; };
		A1E0C0541A17D14700757427 /* UIKit.framework in Frameworks */ = {isa = PBXBuildFile; fileRef = A1E0C0531A17D14700757427 /* UIKit.framework */; };
		A1E0C0561A17D15000757427 /* Foundation.framework in Frameworks */ = {isa = PBXBuildFile; fileRef = A1E0C0551A17D15000757427 /* Foundation.framework */; };
		A1E0C0581A17D15C00757427 /* CoreGraphics.framework in Frameworks */ = {isa = PBXBuildFile; fileRef = A1E0C0571A17D15C00757427 /* CoreGraphics.framework */; };
		A1FB7A3C1A225BD6005C10A9 /* MapKit.framework in Frameworks */ = {isa = PBXBuildFile; fileRef = A1FB7A3B1A225BD6005C10A9 /* MapKit.framework */; };
		C596B03C00BC2BAB6A77580B /* LocationPicture.m in Sources */ = {isa = PBXBuildFile; fileRef = C596B5996D6B67D100CC24DD /* LocationPicture.m */; };
		C596B03DF207F4FA4AA3CF55 /* KeyChainService.m in Sources */ = {isa = PBXBuildFile; fileRef = C596B4996A1C52303B7429B2 /* KeyChainService.m */; };
		C596B04443F0600B9C7BD49F /* LocationViewController.m in Sources */ = {isa = PBXBuildFile; fileRef = C596B009EEE9275A43EF3CB6 /* LocationViewController.m */; };
		C596B0A32C47FCC002E056DB /* ProfileInfo.m in Sources */ = {isa = PBXBuildFile; fileRef = C596BC810439B9DE094E5916 /* ProfileInfo.m */; };
		C596B0C14A222CF7176A43E0 /* NSObject+MethodExchange.m in Sources */ = {isa = PBXBuildFile; fileRef = C596B0E086AE50B236C357AE /* NSObject+MethodExchange.m */; };
		C596B14BABF589FCAC939602 /* CreateLocationViewModel.m in Sources */ = {isa = PBXBuildFile; fileRef = C596B21D6C38E6FAFD9C1FE1 /* CreateLocationViewModel.m */; };
		C596B1788E992B50B6F8B31D /* main.m in Sources */ = {isa = PBXBuildFile; fileRef = C596BCB663D20BFF26B0B0B5 /* main.m */; };
		C596B1B87B58EA697BFC0DFE /* PictureService.m in Sources */ = {isa = PBXBuildFile; fileRef = C596B6E88BC59CF7CAF632D0 /* PictureService.m */; };
		C596B2078F8F1D549C4186A9 /* MosqueTableViewCell.m in Sources */ = {isa = PBXBuildFile; fileRef = C596BFB60717839658B16FF5 /* MosqueTableViewCell.m */; };
		C596B21DBED9853B6609D924 /* UIView+FrameAdditions.m in Sources */ = {isa = PBXBuildFile; fileRef = C596B1751D01A6846D554782 /* UIView+FrameAdditions.m */; };
		C596B244979C5E5FAA0344AD /* AppDelegate.m in Sources */ = {isa = PBXBuildFile; fileRef = C596BF7F7D39059B8F297255 /* AppDelegate.m */; };
		C596B27F0C2E260CA63D1CA0 /* BaseEntity.m in Sources */ = {isa = PBXBuildFile; fileRef = C596BDFA45B2B36A3FF5DBC2 /* BaseEntity.m */; };
		C596B28B3236C3D70724025F /* CreateReviewViewModel.m in Sources */ = {isa = PBXBuildFile; fileRef = C596B2A4EE405E5B07E7107E /* CreateReviewViewModel.m */; };
		C596B291B043C2E69C488B7F /* LocationAnnotationView.m in Sources */ = {isa = PBXBuildFile; fileRef = C596B7E8245B094777ED2D61 /* LocationAnnotationView.m */; };
		C596B2A8C71382A4E69F1091 /* UIViewController+Extension.m in Sources */ = {isa = PBXBuildFile; fileRef = C596BC195C5EE70D30D8E4F9 /* UIViewController+Extension.m */; };
		C596B2BD0845AD9D857B3996 /* ErrorReporting.m in Sources */ = {isa = PBXBuildFile; fileRef = C596BBC0139A3CEE553489DA /* ErrorReporting.m */; };
		C596B2E1351E1EAC7E9D30AF /* FrontPageViewModel.m in Sources */ = {isa = PBXBuildFile; fileRef = C596BA6A2FFAA13B82F58EBC /* FrontPageViewModel.m */; };
		C596B3371B7C27D2AD0DBFF1 /* NSLocale+iOS8.m in Sources */ = {isa = PBXBuildFile; fileRef = C596B14569CD77B7D5D5881E /* NSLocale+iOS8.m */; };
		C596B33A1A99E0D42D05D503 /* UIView+Extensions.m in Sources */ = {isa = PBXBuildFile; fileRef = C596BE5F6DD11AEFA20FA2B6 /* UIView+Extensions.m */; };
		C596B4133E7ABD997532686F /* CAGradientLayer+SJSGradients.m in Sources */ = {isa = PBXBuildFile; fileRef = C596BD134AE9DB81291BCE73 /* CAGradientLayer+SJSGradients.m */; };
		C596B4189B61146F99B85856 /* LocationTableViewCell.m in Sources */ = {isa = PBXBuildFile; fileRef = C596B395AB61E08F8F3A6463 /* LocationTableViewCell.m */; };
		C596B425E6EF0E5E356F830D /* ReviewService.m in Sources */ = {isa = PBXBuildFile; fileRef = C596BDFE3A3D8F8CE6E706BE /* ReviewService.m */; };
		C596B42919399432C0B3AD9F /* HalalGuideImageViews.m in Sources */ = {isa = PBXBuildFile; fileRef = C596B81ACA6EECA8A88D5DA0 /* HalalGuideImageViews.m */; };
		C596B458BFF4EDE0783DC2BB /* HalalLogInViewController.m in Sources */ = {isa = PBXBuildFile; fileRef = C596B7ACBD03FC31B609E2FD /* HalalLogInViewController.m */; };
		C596B49078BB7FEFC087204A /* HalalGuideDateFormatter.m in Sources */ = {isa = PBXBuildFile; fileRef = C596B89248EE903E929F79B1 /* HalalGuideDateFormatter.m */; };
		C596B4B48329DF5997D66820 /* DiningTableViewCell.m in Sources */ = {isa = PBXBuildFile; fileRef = C596B89AA2BBE23BFF3CC6C4 /* DiningTableViewCell.m */; };
		C596B623DE9A9F4CF2B5A628 /* NSArray+Extensions.m in Sources */ = {isa = PBXBuildFile; fileRef = C596B8B64DBAA6F42C225067 /* NSArray+Extensions.m */; };
		C596B6434DE318E0744ACB01 /* ReviewDetailViewModel.m in Sources */ = {isa = PBXBuildFile; fileRef = C596B492BF85F9FF0436DBD8 /* ReviewDetailViewModel.m */; };
		C596B6AB3FEB0CCFBB49E279 /* HalalGuideOnboarding.m in Sources */ = {isa = PBXBuildFile; fileRef = C596BBFB5C5F15D132E4FB8E /* HalalGuideOnboarding.m */; };
		C596B751F47FCB833B912C70 /* KeychainWrapper.m in Sources */ = {isa = PBXBuildFile; fileRef = C596B21303E2E3A67B80F80A /* KeychainWrapper.m */; };
		C596B8089323C38DC9154E64 /* LocationViewModel.m in Sources */ = {isa = PBXBuildFile; fileRef = C596B71BF7FEBEC982AF2EC1 /* LocationViewModel.m */; };
		C596B84535BA2C02AB15A896 /* UIImage+Alpha.m in Sources */ = {isa = PBXBuildFile; fileRef = C596B619AECBB263C4ED02FE /* UIImage+Alpha.m */; };
		C596B84D247D5475BA209433 /* LocationAnnotation.m in Sources */ = {isa = PBXBuildFile; fileRef = C596BD7A359A74181777DF23 /* LocationAnnotation.m */; };
		C596B86E7083F827F608D51B /* ENumberViewController.m in Sources */ = {isa = PBXBuildFile; fileRef = C596B448202B5ACA4E2E3C56 /* ENumberViewController.m */; };
		C596B896E5FFBACE8438BC3E /* ReviewCell.m in Sources */ = {isa = PBXBuildFile; fileRef = C596B5E924343A08F6F50ABC /* ReviewCell.m */; };
		C596B8A34F7CFFA6A7A8247B /* SlideShowViewController.m in Sources */ = {isa = PBXBuildFile; fileRef = C596B2F7557D5883A668E78D /* SlideShowViewController.m */; };
		C596B8C6B71E490C5EBB0100 /* CreateLocationViewController.m in Sources */ = {isa = PBXBuildFile; fileRef = C596B9AD84024B9A6D495BE6 /* CreateLocationViewController.m */; };
		C596B8E01156320C71D2B3D4 /* FrontPageViewController.m in Sources */ = {isa = PBXBuildFile; fileRef = C596BDE6BE0535D6D62B6DF4 /* FrontPageViewController.m */; };
		C596B8EB3CA714FC7940EC8B /* CategoriesViewController.m in Sources */ = {isa = PBXBuildFile; fileRef = C596B4CC9466EC8306FE455A /* CategoriesViewController.m */; };
		C596B9230EA78FF87B90E5AF /* LocationService.m in Sources */ = {isa = PBXBuildFile; fileRef = C596B1DD04247DEB9EC797A7 /* LocationService.m */; };
		C596B95FE3E0FB5A0B0AC9B8 /* HalalGuideLabels.m in Sources */ = {isa = PBXBuildFile; fileRef = C596BDF952304291A766A0B0 /* HalalGuideLabels.m */; };
		C596B97845A60BDE2EBD8D94 /* ENumber.m in Sources */ = {isa = PBXBuildFile; fileRef = C596B75D2EDAB33AE4DC6CC4 /* ENumber.m */; };
		C596B994E8D83F0CFCC43A4B /* Images.xcassets in Resources */ = {isa = PBXBuildFile; fileRef = C596B6652B392F90E4C7F499 /* Images.xcassets */; };
		C596B9DC8D40EB2F77F50986 /* LocationDetailViewController.m in Sources */ = {isa = PBXBuildFile; fileRef = C596BE3B3A5B60189D1D1699 /* LocationDetailViewController.m */; };
		C596B9F844193490D9A6B3E7 /* UILabel+Extensions.m in Sources */ = {isa = PBXBuildFile; fileRef = C596BF9C4BB1DDEF86A7E229 /* UILabel+Extensions.m */; };
		C596BA0D65267A5757B31A37 /* UIImage+ImageEffects.m in Sources */ = {isa = PBXBuildFile; fileRef = C596B8DD34F850AE20E4F562 /* UIImage+ImageEffects.m */; };
		C596BA33737001D3108C340F /* ShopTableViewCell.m in Sources */ = {isa = PBXBuildFile; fileRef = C596BA5A80257D3B9F034B78 /* ShopTableViewCell.m */; };
		C596BA362EA74D49E1ADA97E /* CreateReviewViewController.m in Sources */ = {isa = PBXBuildFile; fileRef = C596BB2A29C69C97018BE604 /* CreateReviewViewController.m */; };
		C596BA3647279B40542C6B0A /* FilterLocationViewController.m in Sources */ = {isa = PBXBuildFile; fileRef = C596B10671F66BE5CA315DA1 /* FilterLocationViewController.m */; };
		C596BA3ED5A6B10A6DC63692 /* UIImage+RoundedCorner.m in Sources */ = {isa = PBXBuildFile; fileRef = C596B8311948C4208A914392 /* UIImage+RoundedCorner.m */; };
		C596BA7CA9398A331DCB5B14 /* Adgangsadresse.m in Sources */ = {isa = PBXBuildFile; fileRef = C596B8B206E72424A29EC190 /* Adgangsadresse.m */; };
		C596BAD88EA37DD67A02C9C6 /* MKMapView+Extension.m in Sources */ = {isa = PBXBuildFile; fileRef = C596B1AFC308D5211D4CEA65 /* MKMapView+Extension.m */; };
		C596BADBAD00EE3295E1D197 /* PFUser+Extension.m in Sources */ = {isa = PBXBuildFile; fileRef = C596B61E35EBAAF16E0A862C /* PFUser+Extension.m */; };
		C596BC90F2C215AF04009886 /* Review.m in Sources */ = {isa = PBXBuildFile; fileRef = C596B76374759947E3D1466D /* Review.m */; };
		C596BCDFB902FAF18D51A1AB /* SettingsViewController.m in Sources */ = {isa = PBXBuildFile; fileRef = C596BC841F23A6433FB59C83 /* SettingsViewController.m */; };
		C596BD2F3DEA743000DA7441 /* NSString+Extensions.m in Sources */ = {isa = PBXBuildFile; fileRef = C596B3B9B67A50AA098B0D07 /* NSString+Extensions.m */; };
		C596BD96EFEBDDC2BA7E3281 /* HalalGuideSettings.m in Sources */ = {isa = PBXBuildFile; fileRef = C596B3738DE751A198964235 /* HalalGuideSettings.m */; };
		C596BDAC4B5938C40198E797 /* UIImage+Transformation.m in Sources */ = {isa = PBXBuildFile; fileRef = C596B1D6467AD502887DAFEF /* UIImage+Transformation.m */; };
		C596BDC0C328C004265F89E0 /* LocationDetailViewModel.m in Sources */ = {isa = PBXBuildFile; fileRef = C596B781676517BC117FF418 /* LocationDetailViewModel.m */; };
		C596BDE32DA14B42EA352467 /* Location.m in Sources */ = {isa = PBXBuildFile; fileRef = C596BF1CC236CE195558FC23 /* Location.m */; };
		C596BE22F26B79E7CBB7BB10 /* ReviewDetailViewController.m in Sources */ = {isa = PBXBuildFile; fileRef = C596B73877CA533CA6591101 /* ReviewDetailViewController.m */; };
		C596BE3E29F80B4D4E15DF01 /* AddressService.m in Sources */ = {isa = PBXBuildFile; fileRef = C596B84A08E3F2B1D860AFFB /* AddressService.m */; };
		C596BE3F86C6A8EB1EFA87EB /* CoordinatePickerViewController.m in Sources */ = {isa = PBXBuildFile; fileRef = C596BF9581A8E814E1A7FCED /* CoordinatePickerViewController.m */; };
		C596BE80D7EB2528F3711E98 /* BaseViewModel.m in Sources */ = {isa = PBXBuildFile; fileRef = C596B301F910FB26DFD041FD /* BaseViewModel.m */; };
		C596BEDD6555AF75D8EEA9DB /* UIImage+Combine.m in Sources */ = {isa = PBXBuildFile; fileRef = C596B115347BFC1E3BDF4274 /* UIImage+Combine.m */; };
		C596BEF25A73910BB1A16C3A /* NSMutableString+Extensions.m in Sources */ = {isa = PBXBuildFile; fileRef = C596B43DA040C153F39C9847 /* NSMutableString+Extensions.m */; };
		C596BF2062C7A1A6BF71D84A /* HalalGuideNumberFormatter.m in Sources */ = {isa = PBXBuildFile; fileRef = C596B24BA9AE85B76AA003C0 /* HalalGuideNumberFormatter.m */; };
		C596BF53FA7367BE40FD9E78 /* HalalGuideIAPHelper.m in Sources */ = {isa = PBXBuildFile; fileRef = C596B01FCA8EAA7669298C44 /* HalalGuideIAPHelper.m */; };
		C596BF594ECE0C4393F7BCEC /* OpeningsHoursViewController.m in Sources */ = {isa = PBXBuildFile; fileRef = C596BBE8F50E386D9BCBDB41 /* OpeningsHoursViewController.m */; };
		C596BFA8BA47A59868814CF7 /* UIImage+ScreenShot.m in Sources */ = {isa = PBXBuildFile; fileRef = C596B2172F2582F0D4674E3F /* UIImage+ScreenShot.m */; };
		C596BFE139C47CE7D5443543 /* TestImageView.m in Sources */ = {isa = PBXBuildFile; fileRef = C596B332908FA96E86C3F0DA /* TestImageView.m */; };
/* End PBXBuildFile section */

/* Begin PBXContainerItemProxy section */
		A15CE3E61A100A8400F44C9A /* PBXContainerItemProxy */ = {
			isa = PBXContainerItemProxy;
			containerPortal = A15CE3C11A100A8400F44C9A /* Project object */;
			proxyType = 1;
			remoteGlobalIDString = A15CE3C81A100A8400F44C9A;
			remoteInfo = HalalGuide;
		};
/* End PBXContainerItemProxy section */

/* Begin PBXFileReference section */
		3953AC7E9F27FA436202F1C7 /* libPods.a */ = {isa = PBXFileReference; explicitFileType = archive.ar; includeInIndex = 0; path = libPods.a; sourceTree = BUILT_PRODUCTS_DIR; };
		7DC353505CC91F279E9EEF95 /* Pods.debug.xcconfig */ = {isa = PBXFileReference; includeInIndex = 1; lastKnownFileType = text.xcconfig; name = Pods.debug.xcconfig; path = "Pods/Target Support Files/Pods/Pods.debug.xcconfig"; sourceTree = "<group>"; };
		A10CD7031A364D79001863B9 /* Accounts.framework */ = {isa = PBXFileReference; lastKnownFileType = wrapper.framework; name = Accounts.framework; path = System/Library/Frameworks/Accounts.framework; sourceTree = SDKROOT; };
		A10CD7051A364D84001863B9 /* Social.framework */ = {isa = PBXFileReference; lastKnownFileType = wrapper.framework; name = Social.framework; path = System/Library/Frameworks/Social.framework; sourceTree = SDKROOT; };
		A111F7521A3260EA00ABFF70 /* Base */ = {isa = PBXFileReference; lastKnownFileType = text.plist.strings; name = Base; path = Base.lproj/Localizable.strings; sourceTree = "<group>"; };
		A111F7541A3260EF00ABFF70 /* en */ = {isa = PBXFileReference; lastKnownFileType = text.plist.strings; name = en; path = en.lproj/Localizable.strings; sourceTree = "<group>"; };
		A12FAF751A8ECE2F00E2EEEC /* ComOpenThreadOTScreenshotHelperSwizzleHelper.h */ = {isa = PBXFileReference; fileEncoding = 4; lastKnownFileType = sourcecode.c.h; path = ComOpenThreadOTScreenshotHelperSwizzleHelper.h; sourceTree = "<group>"; };
		A12FAF761A8ECE2F00E2EEEC /* ComOpenThreadOTScreenshotHelperSwizzleHelper.m */ = {isa = PBXFileReference; fileEncoding = 4; lastKnownFileType = sourcecode.c.objc; path = ComOpenThreadOTScreenshotHelperSwizzleHelper.m; sourceTree = "<group>"; };
		A12FAF771A8ECE2F00E2EEEC /* DragTableDragState_ot.h */ = {isa = PBXFileReference; fileEncoding = 4; lastKnownFileType = sourcecode.c.h; path = DragTableDragState_ot.h; sourceTree = "<group>"; };
		A12FAF781A8ECE2F00E2EEEC /* DragTableFooterView_ot.h */ = {isa = PBXFileReference; fileEncoding = 4; lastKnownFileType = sourcecode.c.h; path = DragTableFooterView_ot.h; sourceTree = "<group>"; };
		A12FAF791A8ECE2F00E2EEEC /* DragTableFooterView_ot.m */ = {isa = PBXFileReference; fileEncoding = 4; lastKnownFileType = sourcecode.c.objc; path = DragTableFooterView_ot.m; sourceTree = "<group>"; };
		A12FAF7A1A8ECE2F00E2EEEC /* DragTableGestureObserver_ot.h */ = {isa = PBXFileReference; fileEncoding = 4; lastKnownFileType = sourcecode.c.h; path = DragTableGestureObserver_ot.h; sourceTree = "<group>"; };
		A12FAF7B1A8ECE2F00E2EEEC /* DragTableGestureObserver_ot.m */ = {isa = PBXFileReference; fileEncoding = 4; lastKnownFileType = sourcecode.c.objc; path = DragTableGestureObserver_ot.m; sourceTree = "<group>"; };
		A12FAF7C1A8ECE2F00E2EEEC /* DragTableHeaderView_ot.h */ = {isa = PBXFileReference; fileEncoding = 4; lastKnownFileType = sourcecode.c.h; path = DragTableHeaderView_ot.h; sourceTree = "<group>"; };
		A12FAF7D1A8ECE2F00E2EEEC /* DragTableHeaderView_ot.m */ = {isa = PBXFileReference; fileEncoding = 4; lastKnownFileType = sourcecode.c.objc; path = DragTableHeaderView_ot.m; sourceTree = "<group>"; };
		A12FAF7E1A8ECE2F00E2EEEC /* UIScrollView+DragTableSafeAnimation.h */ = {isa = PBXFileReference; fileEncoding = 4; lastKnownFileType = sourcecode.c.h; path = "UIScrollView+DragTableSafeAnimation.h"; sourceTree = "<group>"; };
		A12FAF7F1A8ECE2F00E2EEEC /* UIScrollView+DragTableSafeAnimation.m */ = {isa = PBXFileReference; fileEncoding = 4; lastKnownFileType = sourcecode.c.objc; path = "UIScrollView+DragTableSafeAnimation.m"; sourceTree = "<group>"; };
		A12FAF811A8ECE2F00E2EEEC /* UITableView+DragLoad.h */ = {isa = PBXFileReference; fileEncoding = 4; lastKnownFileType = sourcecode.c.h; path = "UITableView+DragLoad.h"; sourceTree = "<group>"; };
		A12FAF821A8ECE2F00E2EEEC /* UITableView+DragLoad.m */ = {isa = PBXFileReference; fileEncoding = 4; lastKnownFileType = sourcecode.c.objc; path = "UITableView+DragLoad.m"; sourceTree = "<group>"; };
		A12FAF841A8ECE2F00E2EEEC /* blueArrow.png */ = {isa = PBXFileReference; lastKnownFileType = image.png; path = blueArrow.png; sourceTree = "<group>"; };
		A12FAF851A8ECE2F00E2EEEC /* blueArrow@2x.png */ = {isa = PBXFileReference; lastKnownFileType = image.png; path = "blueArrow@2x.png"; sourceTree = "<group>"; };
		A12FD69E1A8ECEDE00E2EEEC /* NSTimer+Block.h */ = {isa = PBXFileReference; fileEncoding = 4; lastKnownFileType = sourcecode.c.h; path = "NSTimer+Block.h"; sourceTree = "<group>"; };
		A12FD69F1A8ECEDF00E2EEEC /* NSTimer+Block.m */ = {isa = PBXFileReference; fileEncoding = 4; lastKnownFileType = sourcecode.c.objc; path = "NSTimer+Block.m"; sourceTree = "<group>"; };
		A12FD6A21A8ECFAD00E2EEEC /* ILTranslucentView.h */ = {isa = PBXFileReference; fileEncoding = 4; lastKnownFileType = sourcecode.c.h; path = ILTranslucentView.h; sourceTree = "<group>"; };
		A12FD6A31A8ECFAD00E2EEEC /* ILTranslucentView.m */ = {isa = PBXFileReference; fileEncoding = 4; lastKnownFileType = sourcecode.c.objc; path = ILTranslucentView.m; sourceTree = "<group>"; };
		A15CE3C91A100A8400F44C9A /* halalguide.app */ = {isa = PBXFileReference; explicitFileType = wrapper.application; includeInIndex = 0; path = halalguide.app; sourceTree = BUILT_PRODUCTS_DIR; };
		A15CE3E51A100A8400F44C9A /* halalguideTests.xctest */ = {isa = PBXFileReference; explicitFileType = wrapper.cfbundle; includeInIndex = 0; path = halalguideTests.xctest; sourceTree = BUILT_PRODUCTS_DIR; };
		A15CE3EA1A100A8400F44C9A /* Info.plist */ = {isa = PBXFileReference; lastKnownFileType = text.plist.xml; path = Info.plist; sourceTree = "<group>"; };
		A15CE3EB1A100A8400F44C9A /* HalalGuideTests.m */ = {isa = PBXFileReference; lastKnownFileType = sourcecode.c.objc; path = HalalGuideTests.m; sourceTree = "<group>"; };
		A162CD9F1A62A74600FB71FA /* AssetsLibrary.framework */ = {isa = PBXFileReference; lastKnownFileType = wrapper.framework; name = AssetsLibrary.framework; path = System/Library/Frameworks/AssetsLibrary.framework; sourceTree = SDKROOT; };
		A162CDA11A62A74F00FB71FA /* SenTestingKit.framework */ = {isa = PBXFileReference; lastKnownFileType = wrapper.framework; name = SenTestingKit.framework; path = Library/Frameworks/SenTestingKit.framework; sourceTree = DEVELOPER_DIR; };
		A165DDC31A34EA2F00F43A15 /* AudioToolbox.framework */ = {isa = PBXFileReference; lastKnownFileType = wrapper.framework; name = AudioToolbox.framework; path = System/Library/Frameworks/AudioToolbox.framework; sourceTree = SDKROOT; };
		A165DDC51A34EA3700F43A15 /* CFNetwork.framework */ = {isa = PBXFileReference; lastKnownFileType = wrapper.framework; name = CFNetwork.framework; path = System/Library/Frameworks/CFNetwork.framework; sourceTree = SDKROOT; };
		A165DDC71A34EA4700F43A15 /* CoreLocation.framework */ = {isa = PBXFileReference; lastKnownFileType = wrapper.framework; name = CoreLocation.framework; path = System/Library/Frameworks/CoreLocation.framework; sourceTree = SDKROOT; };
		A165DDC91A34EA5300F43A15 /* libz.dylib */ = {isa = PBXFileReference; lastKnownFileType = "compiled.mach-o.dylib"; name = libz.dylib; path = usr/lib/libz.dylib; sourceTree = SDKROOT; };
		A165DDCB1A34EA7B00F43A15 /* MobileCoreServices.framework */ = {isa = PBXFileReference; lastKnownFileType = wrapper.framework; name = MobileCoreServices.framework; path = System/Library/Frameworks/MobileCoreServices.framework; sourceTree = SDKROOT; };
		A165DDCD1A34EA8300F43A15 /* QuartzCore.framework */ = {isa = PBXFileReference; lastKnownFileType = wrapper.framework; name = QuartzCore.framework; path = System/Library/Frameworks/QuartzCore.framework; sourceTree = SDKROOT; };
		A165DDCF1A34EA8E00F43A15 /* Security.framework */ = {isa = PBXFileReference; lastKnownFileType = wrapper.framework; name = Security.framework; path = System/Library/Frameworks/Security.framework; sourceTree = SDKROOT; };
		A165DDD11A34EA9600F43A15 /* StoreKit.framework */ = {isa = PBXFileReference; lastKnownFileType = wrapper.framework; name = StoreKit.framework; path = System/Library/Frameworks/StoreKit.framework; sourceTree = SDKROOT; };
		A165DDD31A34EA9D00F43A15 /* SystemConfiguration.framework */ = {isa = PBXFileReference; lastKnownFileType = wrapper.framework; name = SystemConfiguration.framework; path = System/Library/Frameworks/SystemConfiguration.framework; sourceTree = SDKROOT; };
		A1A699C81A7B9CE100AB1C6C /* Parse.framework */ = {isa = PBXFileReference; lastKnownFileType = wrapper.framework; name = Parse.framework; path = Frameworks/Parse.framework; sourceTree = "<group>"; };
		A1A699C91A7B9CE100AB1C6C /* ParseCrashReporting.framework */ = {isa = PBXFileReference; lastKnownFileType = wrapper.framework; name = ParseCrashReporting.framework; path = Frameworks/ParseCrashReporting.framework; sourceTree = "<group>"; };
		A1A699CA1A7B9CE100AB1C6C /* ParseFacebookUtils.framework */ = {isa = PBXFileReference; lastKnownFileType = wrapper.framework; name = ParseFacebookUtils.framework; path = Frameworks/ParseFacebookUtils.framework; sourceTree = "<group>"; };
		A1A699CB1A7B9CE100AB1C6C /* ParseUI.framework */ = {isa = PBXFileReference; lastKnownFileType = wrapper.framework; name = ParseUI.framework; path = Frameworks/ParseUI.framework; sourceTree = "<group>"; };
		A1B68FBE1A49572500AE9795 /* Base */ = {isa = PBXFileReference; lastKnownFileType = file.storyboard; name = Base; path = Base.lproj/MainStoryboard.storyboard; sourceTree = "<group>"; };
		A1BF83861A397A6500D3AFFC /* libstdc++.6.dylib */ = {isa = PBXFileReference; lastKnownFileType = "compiled.mach-o.dylib"; name = "libstdc++.6.dylib"; path = "usr/lib/libstdc++.6.dylib"; sourceTree = SDKROOT; };
		A1BF83881A397A9B00D3AFFC /* libsqlite3.dylib */ = {isa = PBXFileReference; lastKnownFileType = "compiled.mach-o.dylib"; name = libsqlite3.dylib; path = usr/lib/libsqlite3.dylib; sourceTree = SDKROOT; };
		A1CEE9D81A514C300099CB8B /* da-DK */ = {isa = PBXFileReference; lastKnownFileType = text.plist.strings; name = "da-DK"; path = "da-DK.lproj/Localizable.strings"; sourceTree = "<group>"; };
		A1E0C0511A17D14000757427 /* CoreData.framework */ = {isa = PBXFileReference; lastKnownFileType = wrapper.framework; name = CoreData.framework; path = System/Library/Frameworks/CoreData.framework; sourceTree = SDKROOT; };
		A1E0C0531A17D14700757427 /* UIKit.framework */ = {isa = PBXFileReference; lastKnownFileType = wrapper.framework; name = UIKit.framework; path = System/Library/Frameworks/UIKit.framework; sourceTree = SDKROOT; };
		A1E0C0551A17D15000757427 /* Foundation.framework */ = {isa = PBXFileReference; lastKnownFileType = wrapper.framework; name = Foundation.framework; path = System/Library/Frameworks/Foundation.framework; sourceTree = SDKROOT; };
		A1E0C0571A17D15C00757427 /* CoreGraphics.framework */ = {isa = PBXFileReference; lastKnownFileType = wrapper.framework; name = CoreGraphics.framework; path = System/Library/Frameworks/CoreGraphics.framework; sourceTree = SDKROOT; };
		A1FB7A3B1A225BD6005C10A9 /* MapKit.framework */ = {isa = PBXFileReference; lastKnownFileType = wrapper.framework; name = MapKit.framework; path = System/Library/Frameworks/MapKit.framework; sourceTree = SDKROOT; };
		A996AC24EC4EDA46C0F7FC51 /* Pods.release.xcconfig */ = {isa = PBXFileReference; includeInIndex = 1; lastKnownFileType = text.xcconfig; name = Pods.release.xcconfig; path = "Pods/Target Support Files/Pods/Pods.release.xcconfig"; sourceTree = "<group>"; };
		C596B009EEE9275A43EF3CB6 /* LocationViewController.m */ = {isa = PBXFileReference; fileEncoding = 4; lastKnownFileType = sourcecode.c.objc; path = LocationViewController.m; sourceTree = "<group>"; };
		C596B01FCA8EAA7669298C44 /* HalalGuideIAPHelper.m */ = {isa = PBXFileReference; fileEncoding = 4; lastKnownFileType = sourcecode.c.objc; path = HalalGuideIAPHelper.m; sourceTree = "<group>"; };
		C596B02C31F0A3EAC5021006 /* CreateReviewViewModel.h */ = {isa = PBXFileReference; fileEncoding = 4; lastKnownFileType = sourcecode.c.h; path = CreateReviewViewModel.h; sourceTree = "<group>"; };
		C596B03AB92D97D71B333FB4 /* DiningTableViewCell.h */ = {isa = PBXFileReference; fileEncoding = 4; lastKnownFileType = sourcecode.c.h; path = DiningTableViewCell.h; sourceTree = "<group>"; };
		C596B03BBBDFDA8F20E0D898 /* NSLocale+iOS8.h */ = {isa = PBXFileReference; fileEncoding = 4; lastKnownFileType = sourcecode.c.h; name = "NSLocale+iOS8.h"; path = "Supporting Files/code/NSLocale+iOS8.h"; sourceTree = "<group>"; };
		C596B046E18BFB1A22B12FAA /* LocationViewController.h */ = {isa = PBXFileReference; fileEncoding = 4; lastKnownFileType = sourcecode.c.h; path = LocationViewController.h; sourceTree = "<group>"; };
		C596B05799C02FB3C94B3918 /* LocationAnnotation.h */ = {isa = PBXFileReference; fileEncoding = 4; lastKnownFileType = sourcecode.c.h; path = LocationAnnotation.h; sourceTree = "<group>"; };
		C596B0B2234F73C113DDD366 /* UIView+Extensions.h */ = {isa = PBXFileReference; fileEncoding = 4; lastKnownFileType = sourcecode.c.h; path = "UIView+Extensions.h"; sourceTree = "<group>"; };
		C596B0B6E24F835EE6935E48 /* FrontPageViewController.h */ = {isa = PBXFileReference; fileEncoding = 4; lastKnownFileType = sourcecode.c.h; path = FrontPageViewController.h; sourceTree = "<group>"; };
		C596B0CAC46D5333388FB1F7 /* ReviewDetailViewController.h */ = {isa = PBXFileReference; fileEncoding = 4; lastKnownFileType = sourcecode.c.h; path = ReviewDetailViewController.h; sourceTree = "<group>"; };
		C596B0D816F76F252C2A7FFC /* global.json */ = {isa = PBXFileReference; lastKnownFileType = file.json; path = global.json; sourceTree = "<group>"; };
		C596B0E086AE50B236C357AE /* NSObject+MethodExchange.m */ = {isa = PBXFileReference; fileEncoding = 4; lastKnownFileType = sourcecode.c.objc; path = "NSObject+MethodExchange.m"; sourceTree = "<group>"; };
		C596B0F6491409F9FB257D0D /* main.js */ = {isa = PBXFileReference; fileEncoding = 4; lastKnownFileType = sourcecode.javascript; path = main.js; sourceTree = "<group>"; };
		C596B10671F66BE5CA315DA1 /* FilterLocationViewController.m */ = {isa = PBXFileReference; fileEncoding = 4; lastKnownFileType = sourcecode.c.objc; path = FilterLocationViewController.m; sourceTree = "<group>"; };
		C596B10C7FAB88D80A2501EA /* LocationDetailViewController.h */ = {isa = PBXFileReference; fileEncoding = 4; lastKnownFileType = sourcecode.c.h; path = LocationDetailViewController.h; sourceTree = "<group>"; };
		C596B11428DF21ABD2A7916F /* ReviewDetailViewModel.h */ = {isa = PBXFileReference; fileEncoding = 4; lastKnownFileType = sourcecode.c.h; path = ReviewDetailViewModel.h; sourceTree = "<group>"; };
		C596B115347BFC1E3BDF4274 /* UIImage+Combine.m */ = {isa = PBXFileReference; fileEncoding = 4; lastKnownFileType = sourcecode.c.objc; path = "UIImage+Combine.m"; sourceTree = "<group>"; };
		C596B14569CD77B7D5D5881E /* NSLocale+iOS8.m */ = {isa = PBXFileReference; fileEncoding = 4; lastKnownFileType = sourcecode.c.objc; name = "NSLocale+iOS8.m"; path = "Supporting Files/code/NSLocale+iOS8.m"; sourceTree = "<group>"; };
		C596B1751D01A6846D554782 /* UIView+FrameAdditions.m */ = {isa = PBXFileReference; fileEncoding = 4; lastKnownFileType = sourcecode.c.objc; path = "UIView+FrameAdditions.m"; sourceTree = "<group>"; };
		C596B1AFC308D5211D4CEA65 /* MKMapView+Extension.m */ = {isa = PBXFileReference; fileEncoding = 4; lastKnownFileType = sourcecode.c.objc; path = "MKMapView+Extension.m"; sourceTree = "<group>"; };
		C596B1B38F687254F037AF7C /* UIImage+ScreenShot.h */ = {isa = PBXFileReference; fileEncoding = 4; lastKnownFileType = sourcecode.c.h; path = "UIImage+ScreenShot.h"; sourceTree = "<group>"; };
		C596B1B7130BF7CE6E9FCC3F /* NSString+Extensions.h */ = {isa = PBXFileReference; fileEncoding = 4; lastKnownFileType = sourcecode.c.h; path = "NSString+Extensions.h"; sourceTree = "<group>"; };
		C596B1D6467AD502887DAFEF /* UIImage+Transformation.m */ = {isa = PBXFileReference; fileEncoding = 4; lastKnownFileType = sourcecode.c.objc; path = "UIImage+Transformation.m"; sourceTree = "<group>"; };
		C596B1DD04247DEB9EC797A7 /* LocationService.m */ = {isa = PBXFileReference; fileEncoding = 4; lastKnownFileType = sourcecode.c.objc; path = LocationService.m; sourceTree = "<group>"; };
		C596B21303E2E3A67B80F80A /* KeychainWrapper.m */ = {isa = PBXFileReference; fileEncoding = 4; lastKnownFileType = sourcecode.c.objc; path = KeychainWrapper.m; sourceTree = "<group>"; };
		C596B2172F2582F0D4674E3F /* UIImage+ScreenShot.m */ = {isa = PBXFileReference; fileEncoding = 4; lastKnownFileType = sourcecode.c.objc; path = "UIImage+ScreenShot.m"; sourceTree = "<group>"; };
		C596B21D6C38E6FAFD9C1FE1 /* CreateLocationViewModel.m */ = {isa = PBXFileReference; fileEncoding = 4; lastKnownFileType = sourcecode.c.objc; path = CreateLocationViewModel.m; sourceTree = "<group>"; };
		C596B2369DF6493CD21C192C /* UIImage+ImageEffects.h */ = {isa = PBXFileReference; fileEncoding = 4; lastKnownFileType = sourcecode.c.h; path = "UIImage+ImageEffects.h"; sourceTree = "<group>"; };
		C596B24BA9AE85B76AA003C0 /* HalalGuideNumberFormatter.m */ = {isa = PBXFileReference; fileEncoding = 4; lastKnownFileType = sourcecode.c.objc; path = HalalGuideNumberFormatter.m; sourceTree = "<group>"; };
		C596B28573B51DC85F7230CE /* HalalGuide.entitlements */ = {isa = PBXFileReference; lastKnownFileType = file.entitlements; name = HalalGuide.entitlements; path = "Supporting Files/plist/HalalGuide.entitlements"; sourceTree = "<group>"; };
		C596B2A4EE405E5B07E7107E /* CreateReviewViewModel.m */ = {isa = PBXFileReference; fileEncoding = 4; lastKnownFileType = sourcecode.c.objc; path = CreateReviewViewModel.m; sourceTree = "<group>"; };
		C596B2C7AD9F3D1C8A088F01 /* LocationDetailViewModel.h */ = {isa = PBXFileReference; fileEncoding = 4; lastKnownFileType = sourcecode.c.h; path = LocationDetailViewModel.h; sourceTree = "<group>"; };
		C596B2DDF0DC07043FC6C9D6 /* CreateLocationViewModel.h */ = {isa = PBXFileReference; fileEncoding = 4; lastKnownFileType = sourcecode.c.h; path = CreateLocationViewModel.h; sourceTree = "<group>"; };
		C596B2F7557D5883A668E78D /* SlideShowViewController.m */ = {isa = PBXFileReference; fileEncoding = 4; lastKnownFileType = sourcecode.c.objc; path = SlideShowViewController.m; sourceTree = "<group>"; };
		C596B301F910FB26DFD041FD /* BaseViewModel.m */ = {isa = PBXFileReference; fileEncoding = 4; lastKnownFileType = sourcecode.c.objc; path = BaseViewModel.m; sourceTree = "<group>"; };
		C596B332908FA96E86C3F0DA /* TestImageView.m */ = {isa = PBXFileReference; fileEncoding = 4; lastKnownFileType = sourcecode.c.objc; path = TestImageView.m; sourceTree = "<group>"; };
		C596B33B6242998154B15CBF /* HalalGuide-Prefix.pch */ = {isa = PBXFileReference; fileEncoding = 4; lastKnownFileType = sourcecode.c.h; name = "HalalGuide-Prefix.pch"; path = "Supporting Files/code/HalalGuide-Prefix.pch"; sourceTree = "<group>"; };
		C596B3738DE751A198964235 /* HalalGuideSettings.m */ = {isa = PBXFileReference; fileEncoding = 4; lastKnownFileType = sourcecode.c.objc; path = HalalGuideSettings.m; sourceTree = "<group>"; };
		C596B3765487E371C7DCBB68 /* Info.plist */ = {isa = PBXFileReference; fileEncoding = 4; lastKnownFileType = text.plist.info; name = Info.plist; path = "Supporting Files/plist/Info.plist"; sourceTree = "<group>"; };
		C596B37C974A36273C30938C /* UIImage+Combine.h */ = {isa = PBXFileReference; fileEncoding = 4; lastKnownFileType = sourcecode.c.h; path = "UIImage+Combine.h"; sourceTree = "<group>"; };
		C596B395AB61E08F8F3A6463 /* LocationTableViewCell.m */ = {isa = PBXFileReference; fileEncoding = 4; lastKnownFileType = sourcecode.c.objc; path = LocationTableViewCell.m; sourceTree = "<group>"; };
		C596B3B9B67A50AA098B0D07 /* NSString+Extensions.m */ = {isa = PBXFileReference; fileEncoding = 4; lastKnownFileType = sourcecode.c.objc; path = "NSString+Extensions.m"; sourceTree = "<group>"; };
		C596B4131193FC10EF5D97ED /* KeyChainService.h */ = {isa = PBXFileReference; fileEncoding = 4; lastKnownFileType = sourcecode.c.h; path = KeyChainService.h; sourceTree = "<group>"; };
		C596B43DA040C153F39C9847 /* NSMutableString+Extensions.m */ = {isa = PBXFileReference; fileEncoding = 4; lastKnownFileType = sourcecode.c.objc; path = "NSMutableString+Extensions.m"; sourceTree = "<group>"; };
		C596B448202B5ACA4E2E3C56 /* ENumberViewController.m */ = {isa = PBXFileReference; fileEncoding = 4; lastKnownFileType = sourcecode.c.objc; path = ENumberViewController.m; sourceTree = "<group>"; };
		C596B45290F26EA1EDD5FCCC /* FrontPageViewModel.h */ = {isa = PBXFileReference; fileEncoding = 4; lastKnownFileType = sourcecode.c.h; path = FrontPageViewModel.h; sourceTree = "<group>"; };
		C596B45B399CCC48EFCFCD43 /* MKMapView+Extension.h */ = {isa = PBXFileReference; fileEncoding = 4; lastKnownFileType = sourcecode.c.h; path = "MKMapView+Extension.h"; sourceTree = "<group>"; };
		C596B492BF85F9FF0436DBD8 /* ReviewDetailViewModel.m */ = {isa = PBXFileReference; fileEncoding = 4; lastKnownFileType = sourcecode.c.objc; path = ReviewDetailViewModel.m; sourceTree = "<group>"; };
		C596B4996A1C52303B7429B2 /* KeyChainService.m */ = {isa = PBXFileReference; fileEncoding = 4; lastKnownFileType = sourcecode.c.objc; path = KeyChainService.m; sourceTree = "<group>"; };
		C596B4A198810C56C2A98F59 /* NSArray+Extensions.h */ = {isa = PBXFileReference; fileEncoding = 4; lastKnownFileType = sourcecode.c.h; path = "NSArray+Extensions.h"; sourceTree = "<group>"; };
		C596B4C3CE265303DC1AE5CE /* LocationAnnotationView.h */ = {isa = PBXFileReference; fileEncoding = 4; lastKnownFileType = sourcecode.c.h; path = LocationAnnotationView.h; sourceTree = "<group>"; };
		C596B4CC9466EC8306FE455A /* CategoriesViewController.m */ = {isa = PBXFileReference; fileEncoding = 4; lastKnownFileType = sourcecode.c.objc; path = CategoriesViewController.m; sourceTree = "<group>"; };
		C596B55081DEB101226EB5D5 /* BaseEntity.h */ = {isa = PBXFileReference; fileEncoding = 4; lastKnownFileType = sourcecode.c.h; name = BaseEntity.h; path = Domain/BaseEntity.h; sourceTree = "<group>"; };
		C596B5996D6B67D100CC24DD /* LocationPicture.m */ = {isa = PBXFileReference; fileEncoding = 4; lastKnownFileType = sourcecode.c.objc; name = LocationPicture.m; path = Domain/LocationPicture.m; sourceTree = "<group>"; };
		C596B5C1670DF29CA8E5B406 /* HalalGuideIAPHelper.h */ = {isa = PBXFileReference; fileEncoding = 4; lastKnownFileType = sourcecode.c.h; path = HalalGuideIAPHelper.h; sourceTree = "<group>"; };
		C596B5C4D2BA58493F20E91A /* UILabel+Extensions.h */ = {isa = PBXFileReference; fileEncoding = 4; lastKnownFileType = sourcecode.c.h; path = "UILabel+Extensions.h"; sourceTree = "<group>"; };
		C596B5E924343A08F6F50ABC /* ReviewCell.m */ = {isa = PBXFileReference; fileEncoding = 4; lastKnownFileType = sourcecode.c.objc; path = ReviewCell.m; sourceTree = "<group>"; };
		C596B619AECBB263C4ED02FE /* UIImage+Alpha.m */ = {isa = PBXFileReference; fileEncoding = 4; lastKnownFileType = sourcecode.c.objc; path = "UIImage+Alpha.m"; sourceTree = "<group>"; };
		C596B61E35EBAAF16E0A862C /* PFUser+Extension.m */ = {isa = PBXFileReference; fileEncoding = 4; lastKnownFileType = sourcecode.c.objc; path = "PFUser+Extension.m"; sourceTree = "<group>"; };
		C596B62B5AA2CB8C4E2BAB95 /* MosqueTableViewCell.h */ = {isa = PBXFileReference; fileEncoding = 4; lastKnownFileType = sourcecode.c.h; path = MosqueTableViewCell.h; sourceTree = "<group>"; };
		C596B6652B392F90E4C7F499 /* Images.xcassets */ = {isa = PBXFileReference; lastKnownFileType = folder.assetcatalog; path = Images.xcassets; sourceTree = "<group>"; };
		C596B6AEE98BF10F36A5EE4F /* HalalGuideDateFormatter.h */ = {isa = PBXFileReference; fileEncoding = 4; lastKnownFileType = sourcecode.c.h; path = HalalGuideDateFormatter.h; sourceTree = "<group>"; };
		C596B6E88BC59CF7CAF632D0 /* PictureService.m */ = {isa = PBXFileReference; fileEncoding = 4; lastKnownFileType = sourcecode.c.objc; path = PictureService.m; sourceTree = "<group>"; };
		C596B6FEF1B885D146C1F943 /* FilterLocationViewController.h */ = {isa = PBXFileReference; fileEncoding = 4; lastKnownFileType = sourcecode.c.h; path = FilterLocationViewController.h; sourceTree = "<group>"; };
		C596B71BF7FEBEC982AF2EC1 /* LocationViewModel.m */ = {isa = PBXFileReference; fileEncoding = 4; lastKnownFileType = sourcecode.c.objc; path = LocationViewModel.m; sourceTree = "<group>"; };
		C596B73877CA533CA6591101 /* ReviewDetailViewController.m */ = {isa = PBXFileReference; fileEncoding = 4; lastKnownFileType = sourcecode.c.objc; path = ReviewDetailViewController.m; sourceTree = "<group>"; };
		C596B75D2EDAB33AE4DC6CC4 /* ENumber.m */ = {isa = PBXFileReference; fileEncoding = 4; lastKnownFileType = sourcecode.c.objc; name = ENumber.m; path = Domain/ENumber.m; sourceTree = "<group>"; };
		C596B7619E576919FDF26FB0 /* PFUser+Extension.h */ = {isa = PBXFileReference; fileEncoding = 4; lastKnownFileType = sourcecode.c.h; path = "PFUser+Extension.h"; sourceTree = "<group>"; };
		C596B76374759947E3D1466D /* Review.m */ = {isa = PBXFileReference; fileEncoding = 4; lastKnownFileType = sourcecode.c.objc; name = Review.m; path = Domain/Review.m; sourceTree = "<group>"; };
		C596B781676517BC117FF418 /* LocationDetailViewModel.m */ = {isa = PBXFileReference; fileEncoding = 4; lastKnownFileType = sourcecode.c.objc; path = LocationDetailViewModel.m; sourceTree = "<group>"; };
		C596B7ACBD03FC31B609E2FD /* HalalLogInViewController.m */ = {isa = PBXFileReference; fileEncoding = 4; lastKnownFileType = sourcecode.c.objc; path = HalalLogInViewController.m; sourceTree = "<group>"; };
		C596B7E8245B094777ED2D61 /* LocationAnnotationView.m */ = {isa = PBXFileReference; fileEncoding = 4; lastKnownFileType = sourcecode.c.objc; path = LocationAnnotationView.m; sourceTree = "<group>"; };
		C596B7F7192CA4ADB4DCF721 /* HalalGuideNumberFormatter.h */ = {isa = PBXFileReference; fileEncoding = 4; lastKnownFileType = sourcecode.c.h; path = HalalGuideNumberFormatter.h; sourceTree = "<group>"; };
		C596B80D7237B6673FF683A7 /* LocationService.h */ = {isa = PBXFileReference; fileEncoding = 4; lastKnownFileType = sourcecode.c.h; path = LocationService.h; sourceTree = "<group>"; };
		C596B81ACA6EECA8A88D5DA0 /* HalalGuideImageViews.m */ = {isa = PBXFileReference; fileEncoding = 4; lastKnownFileType = sourcecode.c.objc; path = HalalGuideImageViews.m; sourceTree = "<group>"; };
		C596B826DFA3226BE37B0102 /* AddressService.h */ = {isa = PBXFileReference; fileEncoding = 4; lastKnownFileType = sourcecode.c.h; path = AddressService.h; sourceTree = "<group>"; };
		C596B8311948C4208A914392 /* UIImage+RoundedCorner.m */ = {isa = PBXFileReference; fileEncoding = 4; lastKnownFileType = sourcecode.c.objc; path = "UIImage+RoundedCorner.m"; sourceTree = "<group>"; };
		C596B83E63FBC65D9C6C07CE /* UIImage+RoundedCorner.h */ = {isa = PBXFileReference; fileEncoding = 4; lastKnownFileType = sourcecode.c.h; path = "UIImage+RoundedCorner.h"; sourceTree = "<group>"; };
		C596B83EF34D07C28BFF60B3 /* KeychainWrapper.h */ = {isa = PBXFileReference; fileEncoding = 4; lastKnownFileType = sourcecode.c.h; path = KeychainWrapper.h; sourceTree = "<group>"; };
		C596B84A08E3F2B1D860AFFB /* AddressService.m */ = {isa = PBXFileReference; fileEncoding = 4; lastKnownFileType = sourcecode.c.objc; path = AddressService.m; sourceTree = "<group>"; };
		C596B86B05EE4EBD3D4FCDEA /* ReviewCell.h */ = {isa = PBXFileReference; fileEncoding = 4; lastKnownFileType = sourcecode.c.h; path = ReviewCell.h; sourceTree = "<group>"; };
		C596B88F34BE12E8C170701C /* CategoriesViewController.h */ = {isa = PBXFileReference; fileEncoding = 4; lastKnownFileType = sourcecode.c.h; path = CategoriesViewController.h; sourceTree = "<group>"; };
		C596B89248EE903E929F79B1 /* HalalGuideDateFormatter.m */ = {isa = PBXFileReference; fileEncoding = 4; lastKnownFileType = sourcecode.c.objc; path = HalalGuideDateFormatter.m; sourceTree = "<group>"; };
		C596B89AA2BBE23BFF3CC6C4 /* DiningTableViewCell.m */ = {isa = PBXFileReference; fileEncoding = 4; lastKnownFileType = sourcecode.c.objc; path = DiningTableViewCell.m; sourceTree = "<group>"; };
		C596B8AB94C4F3C1C74EC0DD /* ProfileInfo.h */ = {isa = PBXFileReference; fileEncoding = 4; lastKnownFileType = sourcecode.c.h; name = ProfileInfo.h; path = Domain/ProfileInfo.h; sourceTree = "<group>"; };
		C596B8B206E72424A29EC190 /* Adgangsadresse.m */ = {isa = PBXFileReference; fileEncoding = 4; lastKnownFileType = sourcecode.c.objc; name = Adgangsadresse.m; path = Domain/Adgangsadresse.m; sourceTree = "<group>"; };
		C596B8B64DBAA6F42C225067 /* NSArray+Extensions.m */ = {isa = PBXFileReference; fileEncoding = 4; lastKnownFileType = sourcecode.c.objc; path = "NSArray+Extensions.m"; sourceTree = "<group>"; };
		C596B8DD34F850AE20E4F562 /* UIImage+ImageEffects.m */ = {isa = PBXFileReference; fileEncoding = 4; lastKnownFileType = sourcecode.c.objc; path = "UIImage+ImageEffects.m"; sourceTree = "<group>"; };
		C596B9515D9D805E24B84F59 /* HalalLogInViewController.h */ = {isa = PBXFileReference; fileEncoding = 4; lastKnownFileType = sourcecode.c.h; path = HalalLogInViewController.h; sourceTree = "<group>"; };
		C596B98DF2F3495161C87BD7 /* ENumber.h */ = {isa = PBXFileReference; fileEncoding = 4; lastKnownFileType = sourcecode.c.h; name = ENumber.h; path = Domain/ENumber.h; sourceTree = "<group>"; };
		C596B99CB389710885488A19 /* NSMutableString+Extensions.h */ = {isa = PBXFileReference; fileEncoding = 4; lastKnownFileType = sourcecode.c.h; path = "NSMutableString+Extensions.h"; sourceTree = "<group>"; };
		C596B9AD84024B9A6D495BE6 /* CreateLocationViewController.m */ = {isa = PBXFileReference; fileEncoding = 4; lastKnownFileType = sourcecode.c.objc; path = CreateLocationViewController.m; sourceTree = "<group>"; };
		C596B9BAE9FFF82DAA77ED1A /* HalalGuideSettings.h */ = {isa = PBXFileReference; fileEncoding = 4; lastKnownFileType = sourcecode.c.h; path = HalalGuideSettings.h; sourceTree = "<group>"; };
		C596B9BD485DC2539668196B /* CreateReviewViewController.h */ = {isa = PBXFileReference; fileEncoding = 4; lastKnownFileType = sourcecode.c.h; path = CreateReviewViewController.h; sourceTree = "<group>"; };
		C596BA09ECBA2516C11358B3 /* UIImage+Alpha.h */ = {isa = PBXFileReference; fileEncoding = 4; lastKnownFileType = sourcecode.c.h; path = "UIImage+Alpha.h"; sourceTree = "<group>"; };
		C596BA312DA1A0F17B24EEF1 /* UIViewController+Extension.h */ = {isa = PBXFileReference; fileEncoding = 4; lastKnownFileType = sourcecode.c.h; path = "UIViewController+Extension.h"; sourceTree = "<group>"; };
		C596BA5A80257D3B9F034B78 /* ShopTableViewCell.m */ = {isa = PBXFileReference; fileEncoding = 4; lastKnownFileType = sourcecode.c.objc; path = ShopTableViewCell.m; sourceTree = "<group>"; };
		C596BA5C7595B8418317B5AC /* PictureService.h */ = {isa = PBXFileReference; fileEncoding = 4; lastKnownFileType = sourcecode.c.h; path = PictureService.h; sourceTree = "<group>"; };
		C596BA6A2FFAA13B82F58EBC /* FrontPageViewModel.m */ = {isa = PBXFileReference; fileEncoding = 4; lastKnownFileType = sourcecode.c.objc; path = FrontPageViewModel.m; sourceTree = "<group>"; };
		C596BA8C404D79008918B909 /* BaseViewModel.h */ = {isa = PBXFileReference; fileEncoding = 4; lastKnownFileType = sourcecode.c.h; path = BaseViewModel.h; sourceTree = "<group>"; };
		C596BAD928F93E43775183D1 /* HalalGuideLabels.h */ = {isa = PBXFileReference; fileEncoding = 4; lastKnownFileType = sourcecode.c.h; path = HalalGuideLabels.h; sourceTree = "<group>"; };
		C596BB2A29C69C97018BE604 /* CreateReviewViewController.m */ = {isa = PBXFileReference; fileEncoding = 4; lastKnownFileType = sourcecode.c.objc; path = CreateReviewViewController.m; sourceTree = "<group>"; };
		C596BB5C544A2CA9B3089ADC /* CreateLocationViewController.h */ = {isa = PBXFileReference; fileEncoding = 4; lastKnownFileType = sourcecode.c.h; path = CreateLocationViewController.h; sourceTree = "<group>"; };
		C596BBA7E45C99E68993F472 /* Adgangsadresse.h */ = {isa = PBXFileReference; fileEncoding = 4; lastKnownFileType = sourcecode.c.h; name = Adgangsadresse.h; path = Domain/Adgangsadresse.h; sourceTree = "<group>"; };
		C596BBC0139A3CEE553489DA /* ErrorReporting.m */ = {isa = PBXFileReference; fileEncoding = 4; lastKnownFileType = sourcecode.c.objc; path = ErrorReporting.m; sourceTree = "<group>"; };
		C596BBE3511283205B997FB3 /* LocationTableViewCell.h */ = {isa = PBXFileReference; fileEncoding = 4; lastKnownFileType = sourcecode.c.h; path = LocationTableViewCell.h; sourceTree = "<group>"; };
		C596BBE8F50E386D9BCBDB41 /* OpeningsHoursViewController.m */ = {isa = PBXFileReference; fileEncoding = 4; lastKnownFileType = sourcecode.c.objc; path = OpeningsHoursViewController.m; sourceTree = "<group>"; };
		C596BBFB5C5F15D132E4FB8E /* HalalGuideOnboarding.m */ = {isa = PBXFileReference; fileEncoding = 4; lastKnownFileType = sourcecode.c.objc; path = HalalGuideOnboarding.m; sourceTree = "<group>"; };
		C596BC195C5EE70D30D8E4F9 /* UIViewController+Extension.m */ = {isa = PBXFileReference; fileEncoding = 4; lastKnownFileType = sourcecode.c.objc; path = "UIViewController+Extension.m"; sourceTree = "<group>"; };
		C596BC1C6C1BD2CE4EFF1643 /* ENumberViewController.h */ = {isa = PBXFileReference; fileEncoding = 4; lastKnownFileType = sourcecode.c.h; path = ENumberViewController.h; sourceTree = "<group>"; };
		C596BC2F8E183942611E602F /* HalalGuideImageViews.h */ = {isa = PBXFileReference; fileEncoding = 4; lastKnownFileType = sourcecode.c.h; path = HalalGuideImageViews.h; sourceTree = "<group>"; };
		C596BC3AC75A1F1DBDFEBF31 /* UIView+FrameAdditions.h */ = {isa = PBXFileReference; fileEncoding = 4; lastKnownFileType = sourcecode.c.h; path = "UIView+FrameAdditions.h"; sourceTree = "<group>"; };
		C596BC61ABEF9B062EF2FD55 /* AppDelegate.h */ = {isa = PBXFileReference; fileEncoding = 4; lastKnownFileType = sourcecode.c.h; name = AppDelegate.h; path = "Supporting Files/code/AppDelegate.h"; sourceTree = "<group>"; };
		C596BC723A54BB0D50D90469 /* SettingsViewController.h */ = {isa = PBXFileReference; fileEncoding = 4; lastKnownFileType = sourcecode.c.h; path = SettingsViewController.h; sourceTree = "<group>"; };
		C596BC810439B9DE094E5916 /* ProfileInfo.m */ = {isa = PBXFileReference; fileEncoding = 4; lastKnownFileType = sourcecode.c.objc; name = ProfileInfo.m; path = Domain/ProfileInfo.m; sourceTree = "<group>"; };
		C596BC841F23A6433FB59C83 /* SettingsViewController.m */ = {isa = PBXFileReference; fileEncoding = 4; lastKnownFileType = sourcecode.c.objc; path = SettingsViewController.m; sourceTree = "<group>"; };
		C596BC8A814B688825276644 /* Review.h */ = {isa = PBXFileReference; fileEncoding = 4; lastKnownFileType = sourcecode.c.h; name = Review.h; path = Domain/Review.h; sourceTree = "<group>"; };
		C596BC967A9ABFD66374F6F1 /* ReviewService.h */ = {isa = PBXFileReference; fileEncoding = 4; lastKnownFileType = sourcecode.c.h; path = ReviewService.h; sourceTree = "<group>"; };
		C596BCB663D20BFF26B0B0B5 /* main.m */ = {isa = PBXFileReference; fileEncoding = 4; lastKnownFileType = sourcecode.c.objc; name = main.m; path = "Supporting Files/code/main.m"; sourceTree = "<group>"; };
		C596BCBB613B0910AF633010 /* CoordinatePickerViewController.h */ = {isa = PBXFileReference; fileEncoding = 4; lastKnownFileType = sourcecode.c.h; path = CoordinatePickerViewController.h; sourceTree = "<group>"; };
		C596BCFC9A86D7A2D3C9CD02 /* OpeningsHoursViewController.h */ = {isa = PBXFileReference; fileEncoding = 4; lastKnownFileType = sourcecode.c.h; path = OpeningsHoursViewController.h; sourceTree = "<group>"; };
		C596BD134AE9DB81291BCE73 /* CAGradientLayer+SJSGradients.m */ = {isa = PBXFileReference; fileEncoding = 4; lastKnownFileType = sourcecode.c.objc; path = "CAGradientLayer+SJSGradients.m"; sourceTree = "<group>"; };
		C596BD19524238EFC52AEF00 /* LocationViewModel.h */ = {isa = PBXFileReference; fileEncoding = 4; lastKnownFileType = sourcecode.c.h; path = LocationViewModel.h; sourceTree = "<group>"; };
		C596BD636BEA3D2139D4B1B3 /* UIImage+Transformation.h */ = {isa = PBXFileReference; fileEncoding = 4; lastKnownFileType = sourcecode.c.h; path = "UIImage+Transformation.h"; sourceTree = "<group>"; };
		C596BD68040F320233372101 /* HalalGuideOnboarding.h */ = {isa = PBXFileReference; fileEncoding = 4; lastKnownFileType = sourcecode.c.h; path = HalalGuideOnboarding.h; sourceTree = "<group>"; };
		C596BD7A359A74181777DF23 /* LocationAnnotation.m */ = {isa = PBXFileReference; fileEncoding = 4; lastKnownFileType = sourcecode.c.objc; path = LocationAnnotation.m; sourceTree = "<group>"; };
		C596BD8156F9392A5A9104C9 /* ShopTableViewCell.h */ = {isa = PBXFileReference; fileEncoding = 4; lastKnownFileType = sourcecode.c.h; path = ShopTableViewCell.h; sourceTree = "<group>"; };
		C596BD9A7D8FA75AF3D345F1 /* LocationPicture.h */ = {isa = PBXFileReference; fileEncoding = 4; lastKnownFileType = sourcecode.c.h; name = LocationPicture.h; path = Domain/LocationPicture.h; sourceTree = "<group>"; };
		C596BDA262780D72668245FE /* NSObject+MethodExchange.h */ = {isa = PBXFileReference; fileEncoding = 4; lastKnownFileType = sourcecode.c.h; path = "NSObject+MethodExchange.h"; sourceTree = "<group>"; };
		C596BDA621F2EC4B03D268B1 /* Location.h */ = {isa = PBXFileReference; fileEncoding = 4; lastKnownFileType = sourcecode.c.h; name = Location.h; path = Domain/Location.h; sourceTree = "<group>"; };
		C596BDD3D43A12ED9A4F882D /* SlideShowViewController.h */ = {isa = PBXFileReference; fileEncoding = 4; lastKnownFileType = sourcecode.c.h; path = SlideShowViewController.h; sourceTree = "<group>"; };
		C596BDE6BE0535D6D62B6DF4 /* FrontPageViewController.m */ = {isa = PBXFileReference; fileEncoding = 4; lastKnownFileType = sourcecode.c.objc; path = FrontPageViewController.m; sourceTree = "<group>"; };
		C596BDF952304291A766A0B0 /* HalalGuideLabels.m */ = {isa = PBXFileReference; fileEncoding = 4; lastKnownFileType = sourcecode.c.objc; path = HalalGuideLabels.m; sourceTree = "<group>"; };
		C596BDFA45B2B36A3FF5DBC2 /* BaseEntity.m */ = {isa = PBXFileReference; fileEncoding = 4; lastKnownFileType = sourcecode.c.objc; name = BaseEntity.m; path = Domain/BaseEntity.m; sourceTree = "<group>"; };
		C596BDFE3A3D8F8CE6E706BE /* ReviewService.m */ = {isa = PBXFileReference; fileEncoding = 4; lastKnownFileType = sourcecode.c.objc; path = ReviewService.m; sourceTree = "<group>"; };
		C596BE3B3A5B60189D1D1699 /* LocationDetailViewController.m */ = {isa = PBXFileReference; fileEncoding = 4; lastKnownFileType = sourcecode.c.objc; path = LocationDetailViewController.m; sourceTree = "<group>"; };
		C596BE5F6DD11AEFA20FA2B6 /* UIView+Extensions.m */ = {isa = PBXFileReference; fileEncoding = 4; lastKnownFileType = sourcecode.c.objc; path = "UIView+Extensions.m"; sourceTree = "<group>"; };
		C596BEBB98E1B438C022990F /* Common.h */ = {isa = PBXFileReference; fileEncoding = 4; lastKnownFileType = sourcecode.c.h; path = Common.h; sourceTree = "<group>"; };
		C596BECF7F558954528F4BEC /* CAGradientLayer+SJSGradients.h */ = {isa = PBXFileReference; fileEncoding = 4; lastKnownFileType = sourcecode.c.h; path = "CAGradientLayer+SJSGradients.h"; sourceTree = "<group>"; };
		C596BF1CC236CE195558FC23 /* Location.m */ = {isa = PBXFileReference; fileEncoding = 4; lastKnownFileType = sourcecode.c.objc; name = Location.m; path = Domain/Location.m; sourceTree = "<group>"; };
		C596BF6500D6B20A1B885A6B /* ErrorReporting.h */ = {isa = PBXFileReference; fileEncoding = 4; lastKnownFileType = sourcecode.c.h; path = ErrorReporting.h; sourceTree = "<group>"; };
		C596BF7F7D39059B8F297255 /* AppDelegate.m */ = {isa = PBXFileReference; fileEncoding = 4; lastKnownFileType = sourcecode.c.objc; name = AppDelegate.m; path = "Supporting Files/code/AppDelegate.m"; sourceTree = "<group>"; };
		C596BF9581A8E814E1A7FCED /* CoordinatePickerViewController.m */ = {isa = PBXFileReference; fileEncoding = 4; lastKnownFileType = sourcecode.c.objc; path = CoordinatePickerViewController.m; sourceTree = "<group>"; };
		C596BF9C4BB1DDEF86A7E229 /* UILabel+Extensions.m */ = {isa = PBXFileReference; fileEncoding = 4; lastKnownFileType = sourcecode.c.objc; path = "UILabel+Extensions.m"; sourceTree = "<group>"; };
		C596BFB60717839658B16FF5 /* MosqueTableViewCell.m */ = {isa = PBXFileReference; fileEncoding = 4; lastKnownFileType = sourcecode.c.objc; path = MosqueTableViewCell.m; sourceTree = "<group>"; };
		C596BFF4EFD06B975A144BB2 /* TestImageView.h */ = {isa = PBXFileReference; fileEncoding = 4; lastKnownFileType = sourcecode.c.h; path = TestImageView.h; sourceTree = "<group>"; };
		C596BFFF24C78F6A21345D98 /* index.html */ = {isa = PBXFileReference; fileEncoding = 4; lastKnownFileType = text.html; path = index.html; sourceTree = "<group>"; };
/* End PBXFileReference section */

/* Begin PBXFrameworksBuildPhase section */
		A15CE3C61A100A8400F44C9A /* Frameworks */ = {
			isa = PBXFrameworksBuildPhase;
			buildActionMask = 2147483647;
			files = (
				A1A699CC1A7B9CE100AB1C6C /* Parse.framework in Frameworks */,
				A1A699CD1A7B9CE100AB1C6C /* ParseCrashReporting.framework in Frameworks */,
				A1A699CE1A7B9CE100AB1C6C /* ParseFacebookUtils.framework in Frameworks */,
				A1A699CF1A7B9CE100AB1C6C /* ParseUI.framework in Frameworks */,
				A162CDA01A62A74600FB71FA /* AssetsLibrary.framework in Frameworks */,
				A1BF83891A397A9B00D3AFFC /* libsqlite3.dylib in Frameworks */,
				A1BF83871A397A6500D3AFFC /* libstdc++.6.dylib in Frameworks */,
				A165DDC81A34EA4700F43A15 /* CoreLocation.framework in Frameworks */,
				A10CD7061A364D84001863B9 /* Social.framework in Frameworks */,
				A10CD7041A364D79001863B9 /* Accounts.framework in Frameworks */,
				A165DDD41A34EA9D00F43A15 /* SystemConfiguration.framework in Frameworks */,
				A165DDD21A34EA9600F43A15 /* StoreKit.framework in Frameworks */,
				A165DDD01A34EA8E00F43A15 /* Security.framework in Frameworks */,
				A165DDCE1A34EA8300F43A15 /* QuartzCore.framework in Frameworks */,
				A165DDCC1A34EA7B00F43A15 /* MobileCoreServices.framework in Frameworks */,
				A165DDCA1A34EA5300F43A15 /* libz.dylib in Frameworks */,
				A165DDC61A34EA3700F43A15 /* CFNetwork.framework in Frameworks */,
				A165DDC41A34EA2F00F43A15 /* AudioToolbox.framework in Frameworks */,
				A1FB7A3C1A225BD6005C10A9 /* MapKit.framework in Frameworks */,
				A1E0C0581A17D15C00757427 /* CoreGraphics.framework in Frameworks */,
				A1E0C0561A17D15000757427 /* Foundation.framework in Frameworks */,
				A1E0C0541A17D14700757427 /* UIKit.framework in Frameworks */,
				A1E0C0521A17D14000757427 /* CoreData.framework in Frameworks */,
				2A36923D8DC76F5D59BCF3B7 /* libPods.a in Frameworks */,
			);
			runOnlyForDeploymentPostprocessing = 0;
		};
		A15CE3E21A100A8400F44C9A /* Frameworks */ = {
			isa = PBXFrameworksBuildPhase;
			buildActionMask = 2147483647;
			files = (
			);
			runOnlyForDeploymentPostprocessing = 0;
		};
/* End PBXFrameworksBuildPhase section */

/* Begin PBXGroup section */
		37B0A22AB9BBC0DDFD0495D7 /* Frameworks */ = {
			isa = PBXGroup;
			children = (
				A1A699C81A7B9CE100AB1C6C /* Parse.framework */,
				A1A699C91A7B9CE100AB1C6C /* ParseCrashReporting.framework */,
				A1A699CA1A7B9CE100AB1C6C /* ParseFacebookUtils.framework */,
				A1A699CB1A7B9CE100AB1C6C /* ParseUI.framework */,
				A162CDA11A62A74F00FB71FA /* SenTestingKit.framework */,
				A162CD9F1A62A74600FB71FA /* AssetsLibrary.framework */,
				A1BF83881A397A9B00D3AFFC /* libsqlite3.dylib */,
				A1BF83861A397A6500D3AFFC /* libstdc++.6.dylib */,
				A10CD7051A364D84001863B9 /* Social.framework */,
				A10CD7031A364D79001863B9 /* Accounts.framework */,
				A165DDD31A34EA9D00F43A15 /* SystemConfiguration.framework */,
				A165DDD11A34EA9600F43A15 /* StoreKit.framework */,
				A165DDCF1A34EA8E00F43A15 /* Security.framework */,
				A165DDCD1A34EA8300F43A15 /* QuartzCore.framework */,
				A165DDCB1A34EA7B00F43A15 /* MobileCoreServices.framework */,
				A165DDC91A34EA5300F43A15 /* libz.dylib */,
				A165DDC71A34EA4700F43A15 /* CoreLocation.framework */,
				A165DDC51A34EA3700F43A15 /* CFNetwork.framework */,
				A165DDC31A34EA2F00F43A15 /* AudioToolbox.framework */,
				A1FB7A3B1A225BD6005C10A9 /* MapKit.framework */,
				A1E0C0571A17D15C00757427 /* CoreGraphics.framework */,
				A1E0C0551A17D15000757427 /* Foundation.framework */,
				A1E0C0531A17D14700757427 /* UIKit.framework */,
				A1E0C0511A17D14000757427 /* CoreData.framework */,
				3953AC7E9F27FA436202F1C7 /* libPods.a */,
			);
			name = Frameworks;
			sourceTree = "<group>";
		};
		398E708880F5E7E82B7F85AA /* Pods */ = {
			isa = PBXGroup;
			children = (
				7DC353505CC91F279E9EEF95 /* Pods.debug.xcconfig */,
				A996AC24EC4EDA46C0F7FC51 /* Pods.release.xcconfig */,
			);
			name = Pods;
			sourceTree = "<group>";
		};
		A10D9C161A1500CD00E7914A /* Domain */ = {
			isa = PBXGroup;
			children = (
				C596BBA7E45C99E68993F472 /* Adgangsadresse.h */,
				C596B8B206E72424A29EC190 /* Adgangsadresse.m */,
				C596B55081DEB101226EB5D5 /* BaseEntity.h */,
				C596BDFA45B2B36A3FF5DBC2 /* BaseEntity.m */,
				C596B98DF2F3495161C87BD7 /* ENumber.h */,
				C596B75D2EDAB33AE4DC6CC4 /* ENumber.m */,
				C596BDA621F2EC4B03D268B1 /* Location.h */,
				C596BF1CC236CE195558FC23 /* Location.m */,
				C596BD9A7D8FA75AF3D345F1 /* LocationPicture.h */,
				C596B5996D6B67D100CC24DD /* LocationPicture.m */,
				C596B8AB94C4F3C1C74EC0DD /* ProfileInfo.h */,
				C596BC810439B9DE094E5916 /* ProfileInfo.m */,
				C596BC8A814B688825276644 /* Review.h */,
				C596B76374759947E3D1466D /* Review.m */,
			);
			name = Domain;
			sourceTree = "<group>";
		};
		A12FAF731A8ECE2F00E2EEEC /* UITableViewDragLoad */ = {
			isa = PBXGroup;
			children = (
				A12FAF741A8ECE2F00E2EEEC /* PrivateClass */,
				A12FAF801A8ECE2F00E2EEEC /* PublicClass */,
				A12FAF831A8ECE2F00E2EEEC /* Resources */,
			);
			path = UITableViewDragLoad;
			sourceTree = "<group>";
		};
		A12FAF741A8ECE2F00E2EEEC /* PrivateClass */ = {
			isa = PBXGroup;
			children = (
				A12FAF751A8ECE2F00E2EEEC /* ComOpenThreadOTScreenshotHelperSwizzleHelper.h */,
				A12FAF761A8ECE2F00E2EEEC /* ComOpenThreadOTScreenshotHelperSwizzleHelper.m */,
				A12FAF771A8ECE2F00E2EEEC /* DragTableDragState_ot.h */,
				A12FAF781A8ECE2F00E2EEEC /* DragTableFooterView_ot.h */,
				A12FAF791A8ECE2F00E2EEEC /* DragTableFooterView_ot.m */,
				A12FAF7A1A8ECE2F00E2EEEC /* DragTableGestureObserver_ot.h */,
				A12FAF7B1A8ECE2F00E2EEEC /* DragTableGestureObserver_ot.m */,
				A12FAF7C1A8ECE2F00E2EEEC /* DragTableHeaderView_ot.h */,
				A12FAF7D1A8ECE2F00E2EEEC /* DragTableHeaderView_ot.m */,
				A12FAF7E1A8ECE2F00E2EEEC /* UIScrollView+DragTableSafeAnimation.h */,
				A12FAF7F1A8ECE2F00E2EEEC /* UIScrollView+DragTableSafeAnimation.m */,
			);
			path = PrivateClass;
			sourceTree = "<group>";
		};
		A12FAF801A8ECE2F00E2EEEC /* PublicClass */ = {
			isa = PBXGroup;
			children = (
				A12FAF811A8ECE2F00E2EEEC /* UITableView+DragLoad.h */,
				A12FAF821A8ECE2F00E2EEEC /* UITableView+DragLoad.m */,
			);
			path = PublicClass;
			sourceTree = "<group>";
		};
		A12FAF831A8ECE2F00E2EEEC /* Resources */ = {
			isa = PBXGroup;
			children = (
				A12FAF841A8ECE2F00E2EEEC /* blueArrow.png */,
				A12FAF851A8ECE2F00E2EEEC /* blueArrow@2x.png */,
			);
			path = Resources;
			sourceTree = "<group>";
		};
		A12FD6A11A8ECFAD00E2EEEC /* Blur */ = {
			isa = PBXGroup;
			children = (
				A12FD6A21A8ECFAD00E2EEEC /* ILTranslucentView.h */,
				A12FD6A31A8ECFAD00E2EEEC /* ILTranslucentView.m */,
			);
			path = Blur;
			sourceTree = "<group>";
		};
		A15CE3C01A100A8400F44C9A = {
			isa = PBXGroup;
			children = (
				A15CE3CB1A100A8400F44C9A /* HalalGuide */,
				A15CE3E81A100A8400F44C9A /* HalalGuideTests */,
				A15CE3CA1A100A8400F44C9A /* Products */,
				398E708880F5E7E82B7F85AA /* Pods */,
				37B0A22AB9BBC0DDFD0495D7 /* Frameworks */,
			);
			sourceTree = "<group>";
		};
		A15CE3CA1A100A8400F44C9A /* Products */ = {
			isa = PBXGroup;
			children = (
				A15CE3C91A100A8400F44C9A /* halalguide.app */,
				A15CE3E51A100A8400F44C9A /* halalguideTests.xctest */,
			);
			name = Products;
			sourceTree = "<group>";
		};
		A15CE3CB1A100A8400F44C9A /* HalalGuide */ = {
			isa = PBXGroup;
			children = (
				A10D9C161A1500CD00E7914A /* Domain */,
				C596B6AFD7E5476AD1A4AB7B /* Extensions */,
				C596BAAA14050B63FC726085 /* Services */,
				A15CE3CC1A100A8400F44C9A /* Supporting Files */,
				C596B820AB0C7B165734AF1D /* UI */,
				C596B7938D98AB025BE475AF /* Util */,
			);
			path = HalalGuide;
			sourceTree = "<group>";
		};
		A15CE3CC1A100A8400F44C9A /* Supporting Files */ = {
			isa = PBXGroup;
			children = (
				A15CE3F81A100DFA00F44C9A /* plist */,
				C596BB509865684B3A74C05B /* localization */,
				C596BB1AA2F10DAF3964090B /* code */,
				C596BCD52DE204E6492012D5 /* data */,
				C596B71F01BF2D05826DF144 /* parse */,
			);
			name = "Supporting Files";
			sourceTree = "<group>";
		};
		A15CE3E81A100A8400F44C9A /* HalalGuideTests */ = {
			isa = PBXGroup;
			children = (
				A15CE3EB1A100A8400F44C9A /* HalalGuideTests.m */,
				A15CE3E91A100A8400F44C9A /* Supporting Files */,
			);
			path = HalalGuideTests;
			sourceTree = "<group>";
		};
		A15CE3E91A100A8400F44C9A /* Supporting Files */ = {
			isa = PBXGroup;
			children = (
				A15CE3EA1A100A8400F44C9A /* Info.plist */,
			);
			name = "Supporting Files";
			sourceTree = "<group>";
		};
		A15CE3F81A100DFA00F44C9A /* plist */ = {
			isa = PBXGroup;
			children = (
				C596B28573B51DC85F7230CE /* HalalGuide.entitlements */,
				C596B3765487E371C7DCBB68 /* Info.plist */,
			);
			name = plist;
			sourceTree = "<group>";
		};
		C596B1781AB4332B8D175882 /* public */ = {
			isa = PBXGroup;
			children = (
				C596BFFF24C78F6A21345D98 /* index.html */,
			);
			path = public;
			sourceTree = "<group>";
		};
		C596B1D00B7F1C3EBEF5284B /* CreateReview */ = {
			isa = PBXGroup;
			children = (
				C596BB2A29C69C97018BE604 /* CreateReviewViewController.m */,
				C596B9BD485DC2539668196B /* CreateReviewViewController.h */,
				C596B02C31F0A3EAC5021006 /* CreateReviewViewModel.h */,
				C596B2A4EE405E5B07E7107E /* CreateReviewViewModel.m */,
			);
			path = CreateReview;
			sourceTree = "<group>";
		};
		C596B23CCDB7BC9C91F746A3 /* Base */ = {
			isa = PBXGroup;
			children = (
				C596B301F910FB26DFD041FD /* BaseViewModel.m */,
				C596BA8C404D79008918B909 /* BaseViewModel.h */,
				C596BC195C5EE70D30D8E4F9 /* UIViewController+Extension.m */,
				C596BA312DA1A0F17B24EEF1 /* UIViewController+Extension.h */,
			);
			path = Base;
			sourceTree = "<group>";
		};
		C596B3496842D87B567895BD /* UITableViewCell */ = {
			isa = PBXGroup;
			children = (
				C596B395AB61E08F8F3A6463 /* LocationTableViewCell.m */,
				C596BBE3511283205B997FB3 /* LocationTableViewCell.h */,
				C596B89AA2BBE23BFF3CC6C4 /* DiningTableViewCell.m */,
				C596B03AB92D97D71B333FB4 /* DiningTableViewCell.h */,
				C596BFB60717839658B16FF5 /* MosqueTableViewCell.m */,
				C596B62B5AA2CB8C4E2BAB95 /* MosqueTableViewCell.h */,
				C596BA5A80257D3B9F034B78 /* ShopTableViewCell.m */,
				C596BD8156F9392A5A9104C9 /* ShopTableViewCell.h */,
			);
			path = UITableViewCell;
			sourceTree = "<group>";
		};
		C596B36E230B87C39254F512 /* UIView */ = {
			isa = PBXGroup;
			children = (
				C596B0B2234F73C113DDD366 /* UIView+Extensions.h */,
				C596BE5F6DD11AEFA20FA2B6 /* UIView+Extensions.m */,
				C596BC3AC75A1F1DBDFEBF31 /* UIView+FrameAdditions.h */,
				C596B1751D01A6846D554782 /* UIView+FrameAdditions.m */,
			);
			path = UIView;
			sourceTree = "<group>";
		};
		C596B36E2F82CB58618D3BA7 /* UIImage */ = {
			isa = PBXGroup;
			children = (
				C596BA09ECBA2516C11358B3 /* UIImage+Alpha.h */,
				C596B619AECBB263C4ED02FE /* UIImage+Alpha.m */,
				C596B37C974A36273C30938C /* UIImage+Combine.h */,
				C596B115347BFC1E3BDF4274 /* UIImage+Combine.m */,
				C596B2369DF6493CD21C192C /* UIImage+ImageEffects.h */,
				C596B8DD34F850AE20E4F562 /* UIImage+ImageEffects.m */,
				C596B83E63FBC65D9C6C07CE /* UIImage+RoundedCorner.h */,
				C596B8311948C4208A914392 /* UIImage+RoundedCorner.m */,
				C596B1B38F687254F037AF7C /* UIImage+ScreenShot.h */,
				C596B2172F2582F0D4674E3F /* UIImage+ScreenShot.m */,
				C596BD636BEA3D2139D4B1B3 /* UIImage+Transformation.h */,
				C596B1D6467AD502887DAFEF /* UIImage+Transformation.m */,
			);
			path = UIImage;
			sourceTree = "<group>";
		};
		C596B4A6DA81E3374EDDB9DB /* cloud */ = {
			isa = PBXGroup;
			children = (
				C596B0F6491409F9FB257D0D /* main.js */,
			);
			path = cloud;
			sourceTree = "<group>";
		};
		C596B4C97CD6C6F1DA582430 /* FrontPage */ = {
			isa = PBXGroup;
			children = (
				C596BDE6BE0535D6D62B6DF4 /* FrontPageViewController.m */,
				C596B0B6E24F835EE6935E48 /* FrontPageViewController.h */,
				C596BA6A2FFAA13B82F58EBC /* FrontPageViewModel.m */,
				C596B45290F26EA1EDD5FCCC /* FrontPageViewModel.h */,
			);
			path = FrontPage;
			sourceTree = "<group>";
		};
		C596B59B45C9806FB0975961 /* Staging */ = {
			isa = PBXGroup;
			children = (
				C596B332908FA96E86C3F0DA /* TestImageView.m */,
				C596BFF4EFD06B975A144BB2 /* TestImageView.h */,
			);
			path = Staging;
			sourceTree = "<group>";
		};
		C596B5F374F964CDDDB8BFB5 /* ReviewDetail */ = {
			isa = PBXGroup;
			children = (
				C596B73877CA533CA6591101 /* ReviewDetailViewController.m */,
				C596B0CAC46D5333388FB1F7 /* ReviewDetailViewController.h */,
				C596B492BF85F9FF0436DBD8 /* ReviewDetailViewModel.m */,
				C596B11428DF21ABD2A7916F /* ReviewDetailViewModel.h */,
			);
			path = ReviewDetail;
			sourceTree = "<group>";
		};
		C596B62E3BA01FCEDBEE6F78 /* ENumber */ = {
			isa = PBXGroup;
			children = (
				C596B448202B5ACA4E2E3C56 /* ENumberViewController.m */,
				C596BC1C6C1BD2CE4EFF1643 /* ENumberViewController.h */,
			);
			path = ENumber;
			sourceTree = "<group>";
		};
		C596B649E8B1C47F807A9977 /* config */ = {
			isa = PBXGroup;
			children = (
				C596B0D816F76F252C2A7FFC /* global.json */,
			);
			path = config;
			sourceTree = "<group>";
		};
		C596B650D8A452A6B1FD534B /* Common */ = {
			isa = PBXGroup;
			children = (
				C596B4CC9466EC8306FE455A /* CategoriesViewController.m */,
				C596B88F34BE12E8C170701C /* CategoriesViewController.h */,
				C596B7ACBD03FC31B609E2FD /* HalalLogInViewController.m */,
				C596B9515D9D805E24B84F59 /* HalalLogInViewController.h */,
			);
			path = Common;
			sourceTree = "<group>";
		};
		C596B6AFD7E5476AD1A4AB7B /* Extensions */ = {
			isa = PBXGroup;
			children = (
				A12FD6A11A8ECFAD00E2EEEC /* Blur */,
				C596BECF7F558954528F4BEC /* CAGradientLayer+SJSGradients.h */,
				C596BD134AE9DB81291BCE73 /* CAGradientLayer+SJSGradients.m */,
				C596B83EF34D07C28BFF60B3 /* KeychainWrapper.h */,
				C596B21303E2E3A67B80F80A /* KeychainWrapper.m */,
				C596B45B399CCC48EFCFCD43 /* MKMapView+Extension.h */,
				C596B1AFC308D5211D4CEA65 /* MKMapView+Extension.m */,
				C596B4A198810C56C2A98F59 /* NSArray+Extensions.h */,
				C596B8B64DBAA6F42C225067 /* NSArray+Extensions.m */,
				C596B99CB389710885488A19 /* NSMutableString+Extensions.h */,
				C596B43DA040C153F39C9847 /* NSMutableString+Extensions.m */,
				C596BDA262780D72668245FE /* NSObject+MethodExchange.h */,
				C596B0E086AE50B236C357AE /* NSObject+MethodExchange.m */,
				C596B1B7130BF7CE6E9FCC3F /* NSString+Extensions.h */,
				C596B3B9B67A50AA098B0D07 /* NSString+Extensions.m */,
				A12FD69E1A8ECEDE00E2EEEC /* NSTimer+Block.h */,
				A12FD69F1A8ECEDF00E2EEEC /* NSTimer+Block.m */,
				C596B7619E576919FDF26FB0 /* PFUser+Extension.h */,
				C596B61E35EBAAF16E0A862C /* PFUser+Extension.m */,
				C596B36E2F82CB58618D3BA7 /* UIImage */,
				C596B5C4D2BA58493F20E91A /* UILabel+Extensions.h */,
				C596BF9C4BB1DDEF86A7E229 /* UILabel+Extensions.m */,
				A12FAF731A8ECE2F00E2EEEC /* UITableViewDragLoad */,
				C596B36E230B87C39254F512 /* UIView */,
			);
			path = Extensions;
			sourceTree = "<group>";
		};
		C596B71F01BF2D05826DF144 /* parse */ = {
			isa = PBXGroup;
			children = (
				C596B4A6DA81E3374EDDB9DB /* cloud */,
				C596B649E8B1C47F807A9977 /* config */,
				C596B1781AB4332B8D175882 /* public */,
			);
			path = parse;
			sourceTree = SOURCE_ROOT;
		};
		C596B7285130D6D6227286F9 /* CreateLocation */ = {
			isa = PBXGroup;
			children = (
				C596B9AD84024B9A6D495BE6 /* CreateLocationViewController.m */,
				C596BB5C544A2CA9B3089ADC /* CreateLocationViewController.h */,
				C596B2DDF0DC07043FC6C9D6 /* CreateLocationViewModel.h */,
				C596B21D6C38E6FAFD9C1FE1 /* CreateLocationViewModel.m */,
				C596BF9581A8E814E1A7FCED /* CoordinatePickerViewController.m */,
				C596BCBB613B0910AF633010 /* CoordinatePickerViewController.h */,
			);
			path = CreateLocation;
			sourceTree = "<group>";
		};
		C596B781614FDF6D913AB8A9 /* LocationDetails */ = {
			isa = PBXGroup;
			children = (
				C596BE3B3A5B60189D1D1699 /* LocationDetailViewController.m */,
				C596B10C7FAB88D80A2501EA /* LocationDetailViewController.h */,
				C596B781676517BC117FF418 /* LocationDetailViewModel.m */,
				C596B2C7AD9F3D1C8A088F01 /* LocationDetailViewModel.h */,
				C596B5E924343A08F6F50ABC /* ReviewCell.m */,
				C596B86B05EE4EBD3D4FCDEA /* ReviewCell.h */,
				C596B2F7557D5883A668E78D /* SlideShowViewController.m */,
				C596BDD3D43A12ED9A4F882D /* SlideShowViewController.h */,
			);
			path = LocationDetails;
			sourceTree = "<group>";
		};
		C596B7938D98AB025BE475AF /* Util */ = {
			isa = PBXGroup;
			children = (
				C596BEBB98E1B438C022990F /* Common.h */,
				C596B3738DE751A198964235 /* HalalGuideSettings.m */,
				C596B9BAE9FFF82DAA77ED1A /* HalalGuideSettings.h */,
				C596B24BA9AE85B76AA003C0 /* HalalGuideNumberFormatter.m */,
				C596B7F7192CA4ADB4DCF721 /* HalalGuideNumberFormatter.h */,
				C596B89248EE903E929F79B1 /* HalalGuideDateFormatter.m */,
				C596B6AEE98BF10F36A5EE4F /* HalalGuideDateFormatter.h */,
				C596BBFB5C5F15D132E4FB8E /* HalalGuideOnboarding.m */,
				C596BD68040F320233372101 /* HalalGuideOnboarding.h */,
			);
			path = Util;
			sourceTree = "<group>";
		};
		C596B820AB0C7B165734AF1D /* UI */ = {
			isa = PBXGroup;
			children = (
				C596B4C97CD6C6F1DA582430 /* FrontPage */,
				C596BC814672EC28345A8F92 /* Location */,
				C596BD5F2935E681F31A928A /* Shared */,
				C596B650D8A452A6B1FD534B /* Common */,
				C596B7285130D6D6227286F9 /* CreateLocation */,
				C596B1D00B7F1C3EBEF5284B /* CreateReview */,
				C596B781614FDF6D913AB8A9 /* LocationDetails */,
				C596B8EAD82E509B18EBA060 /* Storyboard */,
				C596B23CCDB7BC9C91F746A3 /* Base */,
				C596B5F374F964CDDDB8BFB5 /* ReviewDetail */,
				C596BAA478151064D6A8744F /* Settings */,
				C596B62E3BA01FCEDBEE6F78 /* ENumber */,
				C596B8771771DEA6B35C7E6E /* OpeningHours */,
				C596B59B45C9806FB0975961 /* Staging */,
			);
			path = UI;
			sourceTree = "<group>";
		};
		C596B8771771DEA6B35C7E6E /* OpeningHours */ = {
			isa = PBXGroup;
			children = (
				C596BBE8F50E386D9BCBDB41 /* OpeningsHoursViewController.m */,
				C596BCFC9A86D7A2D3C9CD02 /* OpeningsHoursViewController.h */,
			);
			path = OpeningHours;
			sourceTree = "<group>";
		};
		C596B8EAD82E509B18EBA060 /* Storyboard */ = {
			isa = PBXGroup;
			children = (
				A1B68FBF1A49572500AE9795 /* MainStoryboard.storyboard */,
			);
			name = Storyboard;
			sourceTree = "<group>";
		};
		C596BAA478151064D6A8744F /* Settings */ = {
			isa = PBXGroup;
			children = (
				C596BC841F23A6433FB59C83 /* SettingsViewController.m */,
				C596BC723A54BB0D50D90469 /* SettingsViewController.h */,
			);
			path = Settings;
			sourceTree = "<group>";
		};
		C596BAAA14050B63FC726085 /* Services */ = {
			isa = PBXGroup;
			children = (
				C596B826DFA3226BE37B0102 /* AddressService.h */,
				C596B84A08E3F2B1D860AFFB /* AddressService.m */,
				C596BF6500D6B20A1B885A6B /* ErrorReporting.h */,
				C596BBC0139A3CEE553489DA /* ErrorReporting.m */,
				C596B4131193FC10EF5D97ED /* KeyChainService.h */,
				C596B4996A1C52303B7429B2 /* KeyChainService.m */,
				C596B80D7237B6673FF683A7 /* LocationService.h */,
				C596B1DD04247DEB9EC797A7 /* LocationService.m */,
				C596BA5C7595B8418317B5AC /* PictureService.h */,
				C596B6E88BC59CF7CAF632D0 /* PictureService.m */,
				C596BC967A9ABFD66374F6F1 /* ReviewService.h */,
				C596BDFE3A3D8F8CE6E706BE /* ReviewService.m */,
				C596B5C1670DF29CA8E5B406 /* HalalGuideIAPHelper.h */,
				C596B01FCA8EAA7669298C44 /* HalalGuideIAPHelper.m */,
			);
			path = Services;
			sourceTree = "<group>";
		};
		C596BB1AA2F10DAF3964090B /* code */ = {
			isa = PBXGroup;
			children = (
				C596BC61ABEF9B062EF2FD55 /* AppDelegate.h */,
				C596BF7F7D39059B8F297255 /* AppDelegate.m */,
				C596B33B6242998154B15CBF /* HalalGuide-Prefix.pch */,
				C596BCB663D20BFF26B0B0B5 /* main.m */,
				C596B03BBBDFDA8F20E0D898 /* NSLocale+iOS8.h */,
				C596B14569CD77B7D5D5881E /* NSLocale+iOS8.m */,
			);
			name = code;
			sourceTree = "<group>";
		};
		C596BB509865684B3A74C05B /* localization */ = {
			isa = PBXGroup;
			children = (
				A111F7531A3260EA00ABFF70 /* Localizable.strings */,
			);
			name = localization;
			sourceTree = "<group>";
		};
		C596BC814672EC28345A8F92 /* Location */ = {
			isa = PBXGroup;
			children = (
				C596B046E18BFB1A22B12FAA /* LocationViewController.h */,
				C596B009EEE9275A43EF3CB6 /* LocationViewController.m */,
				C596B71BF7FEBEC982AF2EC1 /* LocationViewModel.m */,
				C596BD19524238EFC52AEF00 /* LocationViewModel.h */,
				C596B10671F66BE5CA315DA1 /* FilterLocationViewController.m */,
				C596B6FEF1B885D146C1F943 /* FilterLocationViewController.h */,
				C596BD7A359A74181777DF23 /* LocationAnnotation.m */,
				C596B05799C02FB3C94B3918 /* LocationAnnotation.h */,
				C596B7E8245B094777ED2D61 /* LocationAnnotationView.m */,
				C596B4C3CE265303DC1AE5CE /* LocationAnnotationView.h */,
			);
			path = Location;
			sourceTree = "<group>";
		};
		C596BCD52DE204E6492012D5 /* data */ = {
			isa = PBXGroup;
			children = (
				C596B6652B392F90E4C7F499 /* Images.xcassets */,
			);
			name = data;
			sourceTree = "<group>";
		};
		C596BD5F2935E681F31A928A /* Shared */ = {
			isa = PBXGroup;
			children = (
				C596B3496842D87B567895BD /* UITableViewCell */,
				C596B81ACA6EECA8A88D5DA0 /* HalalGuideImageViews.m */,
				C596BC2F8E183942611E602F /* HalalGuideImageViews.h */,
				C596BDF952304291A766A0B0 /* HalalGuideLabels.m */,
				C596BAD928F93E43775183D1 /* HalalGuideLabels.h */,
			);
			path = Shared;
			sourceTree = "<group>";
		};
/* End PBXGroup section */

/* Begin PBXNativeTarget section */
		A15CE3C81A100A8400F44C9A /* halalguide */ = {
			isa = PBXNativeTarget;
			buildConfigurationList = A15CE3EF1A100A8400F44C9A /* Build configuration list for PBXNativeTarget "halalguide" */;
			buildPhases = (
				A11841DC1A4BE3000024B9F2 /* ShellScript */,
				503AFA7A932BA0C9C5ABC958 /* Check Pods Manifest.lock */,
				A15CE3C51A100A8400F44C9A /* Sources */,
				A15CE3C61A100A8400F44C9A /* Frameworks */,
				A15CE3C71A100A8400F44C9A /* Resources */,
				1E564685AE57B5298787F34E /* Copy Pods Resources */,
				A1B9AB391A57311C00D55759 /* ShellScript */,
			);
			buildRules = (
			);
			dependencies = (
			);
			name = halalguide;
			productName = HalalGuide;
			productReference = A15CE3C91A100A8400F44C9A /* halalguide.app */;
			productType = "com.apple.product-type.application";
		};
		A15CE3E41A100A8400F44C9A /* halalguideTests */ = {
			isa = PBXNativeTarget;
			buildConfigurationList = A15CE3F21A100A8400F44C9A /* Build configuration list for PBXNativeTarget "halalguideTests" */;
			buildPhases = (
				A15CE3E11A100A8400F44C9A /* Sources */,
				A15CE3E21A100A8400F44C9A /* Frameworks */,
				A15CE3E31A100A8400F44C9A /* Resources */,
			);
			buildRules = (
			);
			dependencies = (
				A15CE3E71A100A8400F44C9A /* PBXTargetDependency */,
			);
			name = halalguideTests;
			productName = HalalGuideTests;
			productReference = A15CE3E51A100A8400F44C9A /* halalguideTests.xctest */;
			productType = "com.apple.product-type.bundle.unit-test";
		};
/* End PBXNativeTarget section */

/* Begin PBXProject section */
		A15CE3C11A100A8400F44C9A /* Project object */ = {
			isa = PBXProject;
			attributes = {
				LastUpgradeCheck = 0610;
				ORGANIZATIONNAME = "Eazy It";
				TargetAttributes = {
					A15CE3C81A100A8400F44C9A = {
						CreatedOnToolsVersion = 6.1;
						DevelopmentTeam = 2Z296RX4K9;
						SystemCapabilities = {
							com.apple.iCloud = {
								enabled = 0;
							};
						};
					};
					A15CE3E41A100A8400F44C9A = {
						CreatedOnToolsVersion = 6.1;
						TestTargetID = A15CE3C81A100A8400F44C9A;
					};
				};
			};
			buildConfigurationList = A15CE3C41A100A8400F44C9A /* Build configuration list for PBXProject "HalalGuide" */;
			compatibilityVersion = "Xcode 3.2";
			developmentRegion = English;
			hasScannedForEncodings = 0;
			knownRegions = (
				en,
				Base,
				"da-DK",
			);
			mainGroup = A15CE3C01A100A8400F44C9A;
			productRefGroup = A15CE3CA1A100A8400F44C9A /* Products */;
			projectDirPath = "";
			projectRoot = "";
			targets = (
				A15CE3C81A100A8400F44C9A /* halalguide */,
				A15CE3E41A100A8400F44C9A /* halalguideTests */,
			);
		};
/* End PBXProject section */

/* Begin PBXResourcesBuildPhase section */
		A15CE3C71A100A8400F44C9A /* Resources */ = {
			isa = PBXResourcesBuildPhase;
			buildActionMask = 2147483647;
			files = (
				A1C8B18F1A932D68009F2252 /* MainStoryboard.storyboard in Resources */,
				A111F7511A3260EA00ABFF70 /* Localizable.strings in Resources */,
				C596B994E8D83F0CFCC43A4B /* Images.xcassets in Resources */,
				A12FAF8D1A8ECE2F00E2EEEC /* blueArrow@2x.png in Resources */,
				A12FAF8C1A8ECE2F00E2EEEC /* blueArrow.png in Resources */,
			);
			runOnlyForDeploymentPostprocessing = 0;
		};
		A15CE3E31A100A8400F44C9A /* Resources */ = {
			isa = PBXResourcesBuildPhase;
			buildActionMask = 2147483647;
			files = (
			);
			runOnlyForDeploymentPostprocessing = 0;
		};
/* End PBXResourcesBuildPhase section */

/* Begin PBXShellScriptBuildPhase section */
		1E564685AE57B5298787F34E /* Copy Pods Resources */ = {
			isa = PBXShellScriptBuildPhase;
			buildActionMask = 2147483647;
			files = (
			);
			inputPaths = (
			);
			name = "Copy Pods Resources";
			outputPaths = (
			);
			runOnlyForDeploymentPostprocessing = 0;
			shellPath = /bin/sh;
			shellScript = "\"${SRCROOT}/Pods/Target Support Files/Pods/Pods-resources.sh\"\n";
			showEnvVarsInLog = 0;
		};
		503AFA7A932BA0C9C5ABC958 /* Check Pods Manifest.lock */ = {
			isa = PBXShellScriptBuildPhase;
			buildActionMask = 2147483647;
			files = (
			);
			inputPaths = (
			);
			name = "Check Pods Manifest.lock";
			outputPaths = (
			);
			runOnlyForDeploymentPostprocessing = 0;
			shellPath = /bin/sh;
			shellScript = "diff \"${PODS_ROOT}/../Podfile.lock\" \"${PODS_ROOT}/Manifest.lock\" > /dev/null\nif [[ $? != 0 ]] ; then\n    cat << EOM\nerror: The sandbox is not in sync with the Podfile.lock. Run 'pod install' or update your CocoaPods installation.\nEOM\n    exit 1\nfi\n";
			showEnvVarsInLog = 0;
		};
		A11841DC1A4BE3000024B9F2 /* ShellScript */ = {
			isa = PBXShellScriptBuildPhase;
			buildActionMask = 2147483647;
			files = (
			);
			inputPaths = (
			);
			outputPaths = (
			);
			runOnlyForDeploymentPostprocessing = 0;
			shellPath = /bin/sh;
			shellScript = "if [ \"${CONFIGURATION}\" = \"Release\" ]; then\nbuildNumber=$(/usr/libexec/PlistBuddy -c \"Print CFBundleVersion\" \"${INFOPLIST_FILE}\")\nbuildNumber=$(($buildNumber + 1))\n/usr/libexec/PlistBuddy -c \"Set :CFBundleVersion $buildNumber\" \"${INFOPLIST_FILE}\"\nfi";
		};
		A1B9AB391A57311C00D55759 /* ShellScript */ = {
			isa = PBXShellScriptBuildPhase;
			buildActionMask = 12;
			files = (
			);
			inputPaths = (
			);
			outputPaths = (
			);
			runOnlyForDeploymentPostprocessing = 0;
			shellPath = /bin/sh;
			shellScript = "if [ \"${CONFIGURATION}\" = \"Release\" ]; then\nexport PATH=/usr/local/bin:$PATH\ncd \"${PROJECT_DIR}/parse/cloud\"\nparse symbols \"${DWARF_DSYM_FOLDER_PATH}/${DWARF_DSYM_FILE_NAME}\"\nfi";
		};
/* End PBXShellScriptBuildPhase section */

/* Begin PBXSourcesBuildPhase section */
		A15CE3C51A100A8400F44C9A /* Sources */ = {
			isa = PBXSourcesBuildPhase;
			buildActionMask = 2147483647;
			files = (
				C596BD96EFEBDDC2BA7E3281 /* HalalGuideSettings.m in Sources */,
				C596B8E01156320C71D2B3D4 /* FrontPageViewController.m in Sources */,
				C596B2E1351E1EAC7E9D30AF /* FrontPageViewModel.m in Sources */,
				C596B04443F0600B9C7BD49F /* LocationViewController.m in Sources */,
				C596B4189B61146F99B85856 /* LocationTableViewCell.m in Sources */,
				C596B4B48329DF5997D66820 /* DiningTableViewCell.m in Sources */,
				C596B2078F8F1D549C4186A9 /* MosqueTableViewCell.m in Sources */,
				C596BA33737001D3108C340F /* ShopTableViewCell.m in Sources */,
				C596B8089323C38DC9154E64 /* LocationViewModel.m in Sources */,
				C596BA3647279B40542C6B0A /* FilterLocationViewController.m in Sources */,
				C596B8EB3CA714FC7940EC8B /* CategoriesViewController.m in Sources */,
				C596B8C6B71E490C5EBB0100 /* CreateLocationViewController.m in Sources */,
				C596BA362EA74D49E1ADA97E /* CreateReviewViewController.m in Sources */,
				C596B14BABF589FCAC939602 /* CreateLocationViewModel.m in Sources */,
				C596B28B3236C3D70724025F /* CreateReviewViewModel.m in Sources */,
				A12FAF8B1A8ECE2F00E2EEEC /* UITableView+DragLoad.m in Sources */,
				A12FD6A01A8ECEDF00E2EEEC /* NSTimer+Block.m in Sources */,
				A12FAF891A8ECE2F00E2EEEC /* DragTableHeaderView_ot.m in Sources */,
				C596B9DC8D40EB2F77F50986 /* LocationDetailViewController.m in Sources */,
				C596BE80D7EB2528F3711E98 /* BaseViewModel.m in Sources */,
				C596BDC0C328C004265F89E0 /* LocationDetailViewModel.m in Sources */,
				C596BF2062C7A1A6BF71D84A /* HalalGuideNumberFormatter.m in Sources */,
				C596B42919399432C0B3AD9F /* HalalGuideImageViews.m in Sources */,
				C596B95FE3E0FB5A0B0AC9B8 /* HalalGuideLabels.m in Sources */,
				C596BE3F86C6A8EB1EFA87EB /* CoordinatePickerViewController.m in Sources */,
				C596B896E5FFBACE8438BC3E /* ReviewCell.m in Sources */,
				C596BE22F26B79E7CBB7BB10 /* ReviewDetailViewController.m in Sources */,
				C596B6434DE318E0744ACB01 /* ReviewDetailViewModel.m in Sources */,
				C596B49078BB7FEFC087204A /* HalalGuideDateFormatter.m in Sources */,
				C596BCDFB902FAF18D51A1AB /* SettingsViewController.m in Sources */,
				A12FAF8A1A8ECE2F00E2EEEC /* UIScrollView+DragTableSafeAnimation.m in Sources */,
				C596B6AB3FEB0CCFBB49E279 /* HalalGuideOnboarding.m in Sources */,
				C596B8A34F7CFFA6A7A8247B /* SlideShowViewController.m in Sources */,
				C596B86E7083F827F608D51B /* ENumberViewController.m in Sources */,
				C596B2A8C71382A4E69F1091 /* UIViewController+Extension.m in Sources */,
				A12FAF881A8ECE2F00E2EEEC /* DragTableGestureObserver_ot.m in Sources */,
				C596B458BFF4EDE0783DC2BB /* HalalLogInViewController.m in Sources */,
				C596B84D247D5475BA209433 /* LocationAnnotation.m in Sources */,
				C596B291B043C2E69C488B7F /* LocationAnnotationView.m in Sources */,
				C596BF594ECE0C4393F7BCEC /* OpeningsHoursViewController.m in Sources */,
				C596B03DF207F4FA4AA3CF55 /* KeyChainService.m in Sources */,
				C596BE3E29F80B4D4E15DF01 /* AddressService.m in Sources */,
				C596B2BD0845AD9D857B3996 /* ErrorReporting.m in Sources */,
				A12FAF861A8ECE2F00E2EEEC /* ComOpenThreadOTScreenshotHelperSwizzleHelper.m in Sources */,
				C596B9230EA78FF87B90E5AF /* LocationService.m in Sources */,
				C596B425E6EF0E5E356F830D /* ReviewService.m in Sources */,
				C596B1B87B58EA697BFC0DFE /* PictureService.m in Sources */,
				C596BA7CA9398A331DCB5B14 /* Adgangsadresse.m in Sources */,
				C596B27F0C2E260CA63D1CA0 /* BaseEntity.m in Sources */,
				A12FD6A41A8ECFAD00E2EEEC /* ILTranslucentView.m in Sources */,
				C596B97845A60BDE2EBD8D94 /* ENumber.m in Sources */,
				C596BDE32DA14B42EA352467 /* Location.m in Sources */,
				C596B03C00BC2BAB6A77580B /* LocationPicture.m in Sources */,
				C596B0A32C47FCC002E056DB /* ProfileInfo.m in Sources */,
				C596BC90F2C215AF04009886 /* Review.m in Sources */,
				C596B4133E7ABD997532686F /* CAGradientLayer+SJSGradients.m in Sources */,
				C596B751F47FCB833B912C70 /* KeychainWrapper.m in Sources */,
				A12FAF871A8ECE2F00E2EEEC /* DragTableFooterView_ot.m in Sources */,
				C596BAD88EA37DD67A02C9C6 /* MKMapView+Extension.m in Sources */,
				C596B623DE9A9F4CF2B5A628 /* NSArray+Extensions.m in Sources */,
				C596BEF25A73910BB1A16C3A /* NSMutableString+Extensions.m in Sources */,
				C596B0C14A222CF7176A43E0 /* NSObject+MethodExchange.m in Sources */,
				C596BD2F3DEA743000DA7441 /* NSString+Extensions.m in Sources */,
				C596BADBAD00EE3295E1D197 /* PFUser+Extension.m in Sources */,
				C596B9F844193490D9A6B3E7 /* UILabel+Extensions.m in Sources */,
				C596B244979C5E5FAA0344AD /* AppDelegate.m in Sources */,
				C596B1788E992B50B6F8B31D /* main.m in Sources */,
				C596B3371B7C27D2AD0DBFF1 /* NSLocale+iOS8.m in Sources */,
				C596B84535BA2C02AB15A896 /* UIImage+Alpha.m in Sources */,
				C596BEDD6555AF75D8EEA9DB /* UIImage+Combine.m in Sources */,
				C596BA0D65267A5757B31A37 /* UIImage+ImageEffects.m in Sources */,
				C596BA3ED5A6B10A6DC63692 /* UIImage+RoundedCorner.m in Sources */,
				C596BFA8BA47A59868814CF7 /* UIImage+ScreenShot.m in Sources */,
				C596BDAC4B5938C40198E797 /* UIImage+Transformation.m in Sources */,
				C596B33A1A99E0D42D05D503 /* UIView+Extensions.m in Sources */,
				C596B21DBED9853B6609D924 /* UIView+FrameAdditions.m in Sources */,
				C596BFE139C47CE7D5443543 /* TestImageView.m in Sources */,
				C596BF53FA7367BE40FD9E78 /* HalalGuideIAPHelper.m in Sources */,
			);
			runOnlyForDeploymentPostprocessing = 0;
		};
		A15CE3E11A100A8400F44C9A /* Sources */ = {
			isa = PBXSourcesBuildPhase;
			buildActionMask = 2147483647;
			files = (
				A15CE3EC1A100A8400F44C9A /* HalalGuideTests.m in Sources */,
			);
			runOnlyForDeploymentPostprocessing = 0;
		};
/* End PBXSourcesBuildPhase section */

/* Begin PBXTargetDependency section */
		A15CE3E71A100A8400F44C9A /* PBXTargetDependency */ = {
			isa = PBXTargetDependency;
			target = A15CE3C81A100A8400F44C9A /* halalguide */;
			targetProxy = A15CE3E61A100A8400F44C9A /* PBXContainerItemProxy */;
		};
/* End PBXTargetDependency section */

/* Begin PBXVariantGroup section */
		A111F7531A3260EA00ABFF70 /* Localizable.strings */ = {
			isa = PBXVariantGroup;
			children = (
				A111F7521A3260EA00ABFF70 /* Base */,
				A111F7541A3260EF00ABFF70 /* en */,
				A1CEE9D81A514C300099CB8B /* da-DK */,
			);
			name = Localizable.strings;
			sourceTree = "<group>";
		};
		A1B68FBF1A49572500AE9795 /* MainStoryboard.storyboard */ = {
			isa = PBXVariantGroup;
			children = (
				A1B68FBE1A49572500AE9795 /* Base */,
			);
			name = MainStoryboard.storyboard;
			path = HalalGuide;
			sourceTree = SOURCE_ROOT;
		};
/* End PBXVariantGroup section */

/* Begin XCBuildConfiguration section */
		A15CE3ED1A100A8400F44C9A /* Debug */ = {
			isa = XCBuildConfiguration;
			buildSettings = {
				ALWAYS_SEARCH_USER_PATHS = NO;
				CLANG_CXX_LANGUAGE_STANDARD = "gnu++0x";
				CLANG_CXX_LIBRARY = "libc++";
				CLANG_ENABLE_MODULES = YES;
				CLANG_ENABLE_OBJC_ARC = YES;
				CLANG_WARN_BOOL_CONVERSION = YES;
				CLANG_WARN_CONSTANT_CONVERSION = YES;
				CLANG_WARN_DIRECT_OBJC_ISA_USAGE = YES_ERROR;
				CLANG_WARN_EMPTY_BODY = YES;
				CLANG_WARN_ENUM_CONVERSION = YES;
				CLANG_WARN_INT_CONVERSION = YES;
				CLANG_WARN_OBJC_ROOT_CLASS = YES_ERROR;
				CLANG_WARN_UNREACHABLE_CODE = YES;
				CLANG_WARN__DUPLICATE_METHOD_MATCH = YES;
				"CODE_SIGN_IDENTITY[sdk=iphoneos*]" = "iPhone Developer";
				COPY_PHASE_STRIP = NO;
				ENABLE_STRICT_OBJC_MSGSEND = YES;
				GCC_C_LANGUAGE_STANDARD = gnu99;
				GCC_DYNAMIC_NO_PIC = NO;
				GCC_OPTIMIZATION_LEVEL = 0;
				GCC_PREPROCESSOR_DEFINITIONS = (
					"DEBUG=1",
					"$(inherited)",
				);
				GCC_SYMBOLS_PRIVATE_EXTERN = NO;
				GCC_WARN_64_TO_32_BIT_CONVERSION = YES;
				GCC_WARN_ABOUT_RETURN_TYPE = YES_ERROR;
				GCC_WARN_UNDECLARED_SELECTOR = YES;
				GCC_WARN_UNINITIALIZED_AUTOS = YES_AGGRESSIVE;
				GCC_WARN_UNUSED_FUNCTION = YES;
				GCC_WARN_UNUSED_VARIABLE = YES;
				IPHONEOS_DEPLOYMENT_TARGET = 8.1;
				MTL_ENABLE_DEBUG_INFO = YES;
				ONLY_ACTIVE_ARCH = YES;
				SDKROOT = iphoneos;
			};
			name = Debug;
		};
		A15CE3EE1A100A8400F44C9A /* Release */ = {
			isa = XCBuildConfiguration;
			buildSettings = {
				ALWAYS_SEARCH_USER_PATHS = NO;
				CLANG_CXX_LANGUAGE_STANDARD = "gnu++0x";
				CLANG_CXX_LIBRARY = "libc++";
				CLANG_ENABLE_MODULES = YES;
				CLANG_ENABLE_OBJC_ARC = YES;
				CLANG_WARN_BOOL_CONVERSION = YES;
				CLANG_WARN_CONSTANT_CONVERSION = YES;
				CLANG_WARN_DIRECT_OBJC_ISA_USAGE = YES_ERROR;
				CLANG_WARN_EMPTY_BODY = YES;
				CLANG_WARN_ENUM_CONVERSION = YES;
				CLANG_WARN_INT_CONVERSION = YES;
				CLANG_WARN_OBJC_ROOT_CLASS = YES_ERROR;
				CLANG_WARN_UNREACHABLE_CODE = YES;
				CLANG_WARN__DUPLICATE_METHOD_MATCH = YES;
				"CODE_SIGN_IDENTITY[sdk=iphoneos*]" = "iPhone Developer";
				COPY_PHASE_STRIP = YES;
				ENABLE_NS_ASSERTIONS = NO;
				ENABLE_STRICT_OBJC_MSGSEND = YES;
				GCC_C_LANGUAGE_STANDARD = gnu99;
				GCC_WARN_64_TO_32_BIT_CONVERSION = YES;
				GCC_WARN_ABOUT_RETURN_TYPE = YES_ERROR;
				GCC_WARN_UNDECLARED_SELECTOR = YES;
				GCC_WARN_UNINITIALIZED_AUTOS = YES_AGGRESSIVE;
				GCC_WARN_UNUSED_FUNCTION = YES;
				GCC_WARN_UNUSED_VARIABLE = YES;
				IPHONEOS_DEPLOYMENT_TARGET = 8.1;
				MTL_ENABLE_DEBUG_INFO = NO;
				SDKROOT = iphoneos;
				VALIDATE_PRODUCT = YES;
			};
			name = Release;
		};
		A15CE3F01A100A8400F44C9A /* Debug */ = {
			isa = XCBuildConfiguration;
			baseConfigurationReference = 7DC353505CC91F279E9EEF95 /* Pods.debug.xcconfig */;
			buildSettings = {
				ASSETCATALOG_COMPILER_APPICON_NAME = AppIcon;
				ASSETCATALOG_COMPILER_LAUNCHIMAGE_NAME = LaunchImage;
				CODE_SIGN_IDENTITY = "iPhone Developer";
				"CODE_SIGN_IDENTITY[sdk=iphoneos*]" = "iPhone Developer";
				FRAMEWORK_SEARCH_PATHS = (
					"$(inherited)",
					"$(PROJECT_DIR)",
					"$(DEVELOPER_FRAMEWORKS_DIR)",
					"$(PROJECT_DIR)/Frameworks",
				);
				GCC_PRECOMPILE_PREFIX_HEADER = NO;
				GCC_PREFIX_HEADER = "$(SRCROOT)/HalalGuide/Supporting Files/code/HalalGuide-Prefix.pch";
				INFOPLIST_FILE = "$(SRCROOT)/HalalGuide/Supporting Files/plist/Info.plist";
				IPHONEOS_DEPLOYMENT_TARGET = 8.1;
				LD_RUNPATH_SEARCH_PATHS = "$(inherited) @executable_path/Frameworks";
				LIBRARY_SEARCH_PATHS = (
					"$(inherited)",
					"$(PROJECT_DIR)",
				);
				PRODUCT_NAME = "$(TARGET_NAME)";
				PROVISIONING_PROFILE = "";
				USER_HEADER_SEARCH_PATHS = "\"${PROJECT_DIR}/Pods\"/**";
			};
			name = Debug;
		};
		A15CE3F11A100A8400F44C9A /* Release */ = {
			isa = XCBuildConfiguration;
			baseConfigurationReference = A996AC24EC4EDA46C0F7FC51 /* Pods.release.xcconfig */;
			buildSettings = {
				ASSETCATALOG_COMPILER_APPICON_NAME = AppIcon;
				ASSETCATALOG_COMPILER_LAUNCHIMAGE_NAME = LaunchImage;
				CODE_SIGN_IDENTITY = "iPhone Developer";
				"CODE_SIGN_IDENTITY[sdk=iphoneos*]" = "iPhone Developer";
				FRAMEWORK_SEARCH_PATHS = (
					"$(inherited)",
					"$(PROJECT_DIR)",
					"$(DEVELOPER_FRAMEWORKS_DIR)",
					"$(PROJECT_DIR)/Frameworks",
				);
				GCC_PRECOMPILE_PREFIX_HEADER = NO;
				GCC_PREFIX_HEADER = "$(SRCROOT)/HalalGuide/Supporting Files/code/HalalGuide-Prefix.pch";
				INFOPLIST_FILE = "$(SRCROOT)/HalalGuide/Supporting Files/plist/Info.plist";
				IPHONEOS_DEPLOYMENT_TARGET = 8.1;
				LD_RUNPATH_SEARCH_PATHS = "$(inherited) @executable_path/Frameworks";
				LIBRARY_SEARCH_PATHS = (
					"$(inherited)",
					"$(PROJECT_DIR)",
				);
				PRODUCT_NAME = "$(TARGET_NAME)";
				PROVISIONING_PROFILE = "";
				USER_HEADER_SEARCH_PATHS = "\"${PROJECT_DIR}/Pods\"/**";
			};
			name = Release;
		};
		A15CE3F31A100A8400F44C9A /* Debug */ = {
			isa = XCBuildConfiguration;
			buildSettings = {
				BUNDLE_LOADER = "$(TEST_HOST)";
				FRAMEWORK_SEARCH_PATHS = (
					"$(SDKROOT)/Developer/Library/Frameworks",
					"$(inherited)",
				);
				GCC_PREPROCESSOR_DEFINITIONS = (
					"DEBUG=1",
					"$(inherited)",
				);
				INFOPLIST_FILE = HalalGuideTests/Info.plist;
				LD_RUNPATH_SEARCH_PATHS = "$(inherited) @executable_path/Frameworks @loader_path/Frameworks";
				PRODUCT_NAME = "$(TARGET_NAME)";
				TEST_HOST = "$(BUILT_PRODUCTS_DIR)/HalalGuide.app/HalalGuide";
			};
			name = Debug;
		};
		A15CE3F41A100A8400F44C9A /* Release */ = {
			isa = XCBuildConfiguration;
			buildSettings = {
				BUNDLE_LOADER = "$(TEST_HOST)";
				FRAMEWORK_SEARCH_PATHS = (
					"$(SDKROOT)/Developer/Library/Frameworks",
					"$(inherited)",
				);
				INFOPLIST_FILE = HalalGuideTests/Info.plist;
				LD_RUNPATH_SEARCH_PATHS = "$(inherited) @executable_path/Frameworks @loader_path/Frameworks";
				PRODUCT_NAME = "$(TARGET_NAME)";
				TEST_HOST = "$(BUILT_PRODUCTS_DIR)/HalalGuide.app/HalalGuide";
			};
			name = Release;
		};
/* End XCBuildConfiguration section */

/* Begin XCConfigurationList section */
		A15CE3C41A100A8400F44C9A /* Build configuration list for PBXProject "HalalGuide" */ = {
			isa = XCConfigurationList;
			buildConfigurations = (
				A15CE3ED1A100A8400F44C9A /* Debug */,
				A15CE3EE1A100A8400F44C9A /* Release */,
			);
			defaultConfigurationIsVisible = 0;
			defaultConfigurationName = Release;
		};
		A15CE3EF1A100A8400F44C9A /* Build configuration list for PBXNativeTarget "halalguide" */ = {
			isa = XCConfigurationList;
			buildConfigurations = (
				A15CE3F01A100A8400F44C9A /* Debug */,
				A15CE3F11A100A8400F44C9A /* Release */,
			);
			defaultConfigurationIsVisible = 0;
			defaultConfigurationName = Release;
		};
		A15CE3F21A100A8400F44C9A /* Build configuration list for PBXNativeTarget "halalguideTests" */ = {
			isa = XCConfigurationList;
			buildConfigurations = (
				A15CE3F31A100A8400F44C9A /* Debug */,
				A15CE3F41A100A8400F44C9A /* Release */,
			);
			defaultConfigurationIsVisible = 0;
			defaultConfigurationName = Release;
		};
/* End XCConfigurationList section */
	};
	rootObject = A15CE3C11A100A8400F44C9A /* Project object */;
}
