PODS:
  - AFNetworking (2.5.0):
    - AFNetworking/NSURLConnection (= 2.5.0)
    - AFNetworking/NSURLSession (= 2.5.0)
    - AFNetworking/Reachability (= 2.5.0)
    - AFNetworking/Security (= 2.5.0)
    - AFNetworking/Serialization (= 2.5.0)
    - AFNetworking/UIKit (= 2.5.0)
  - AFNetworking/NSURLConnection (2.5.0):
    - AFNetworking/Reachability
    - AFNetworking/Security
    - AFNetworking/Serialization
  - AFNetworking/NSURLSession (2.5.0):
    - AFNetworking/Reachability
    - AFNetworking/Security
    - AFNetworking/Serialization
  - AFNetworking/Reachability (2.5.0)
  - AFNetworking/Security (2.5.0)
  - AFNetworking/Serialization (2.5.0)
  - AFNetworking/UIKit (2.5.0):
    - AFNetworking/NSURLConnection
    - AFNetworking/NSURLSession
  - ALActionBlocks (1.0.3)
  - Bolts (1.1.3)
  - CCBottomRefreshControl (0.3.0):
    - ReactiveCocoa
    - UIView+TKGeometry
  - CMPopTipView (2.2.0)
  - CTAssetsPickerController (2.8.0)
  - DCKeyValueObjectMapping (1.4)
  - EDStarRating (1.1)
  - Facebook-iOS-SDK (3.22.0):
    - Bolts (~> 1.0)
  - hpple (0.2.0)
  - HTAutocompleteTextField (1.3.1)
  - iCarousel (1.8.1)
  - IQKeyboardManager (3.2.0.2)
  - JSBadgeView (1.3.2)
  - libextobjc (0.4.1):
    - libextobjc/EXTADT (= 0.4.1)
    - libextobjc/EXTConcreteProtocol (= 0.4.1)
    - libextobjc/EXTKeyPathCoding (= 0.4.1)
    - libextobjc/EXTNil (= 0.4.1)
    - libextobjc/EXTSafeCategory (= 0.4.1)
    - libextobjc/EXTScope (= 0.4.1)
    - libextobjc/EXTSelectorChecking (= 0.4.1)
    - libextobjc/EXTSynthesize (= 0.4.1)
    - libextobjc/NSInvocation+EXT (= 0.4.1)
    - libextobjc/NSMethodSignature+EXT (= 0.4.1)
    - libextobjc/RuntimeExtensions (= 0.4.1)
    - libextobjc/UmbrellaHeader (= 0.4.1)
  - libextobjc/EXTADT (0.4.1):
    - libextobjc/RuntimeExtensions
  - libextobjc/EXTConcreteProtocol (0.4.1):
    - libextobjc/RuntimeExtensions
  - libextobjc/EXTKeyPathCoding (0.4.1):
    - libextobjc/RuntimeExtensions
  - libextobjc/EXTNil (0.4.1):
    - libextobjc/RuntimeExtensions
  - libextobjc/EXTSafeCategory (0.4.1):
    - libextobjc/RuntimeExtensions
  - libextobjc/EXTScope (0.4.1):
    - libextobjc/RuntimeExtensions
  - libextobjc/EXTSelectorChecking (0.4.1):
    - libextobjc/RuntimeExtensions
  - libextobjc/EXTSynthesize (0.4.1):
    - libextobjc/RuntimeExtensions
  - libextobjc/NSInvocation+EXT (0.4.1):
    - libextobjc/RuntimeExtensions
  - libextobjc/NSMethodSignature+EXT (0.4.1):
    - libextobjc/RuntimeExtensions
  - libextobjc/RuntimeExtensions (0.4.1)
  - libextobjc/UmbrellaHeader (0.4.1)
  - LinqToObjectiveC (HEAD based on 2.0.0)
  - MZAppearance (1.1.3)
  - MZFormSheetController (2.3.6):
    - MZAppearance (~> 1.1.3)
    - MZFormSheetController/Core (= 2.3.6)
  - MZFormSheetController/Core (2.3.6):
    - MZAppearance (~> 1.1.3)
  - ReactiveCocoa (2.4.2):
    - ReactiveCocoa/UI (= 2.4.2)
  - ReactiveCocoa/Core (2.4.2):
    - ReactiveCocoa/no-arc
  - ReactiveCocoa/no-arc (2.4.2)
  - ReactiveCocoa/UI (2.4.2):
    - ReactiveCocoa/Core
  - SDWebImage (3.7.1):
    - SDWebImage/Core (= 3.7.1)
  - SDWebImage/Core (3.7.1)
  - SVProgressHUD (HEAD based on 1.1.2)
  - UIActivityIndicator-for-SDWebImage (1.2):
    - SDWebImage (~> 3.7)
  - UIAlertController+Blocks (0.8)
  - UIView+TKGeometry (0.2)

DEPENDENCIES:
  - AFNetworking (= 2.5.0)
  - ALActionBlocks (= 1.0.3)
  - CCBottomRefreshControl
  - CMPopTipView
  - CTAssetsPickerController (from `https://github.com/sadiq81/CTAssetsPickerController.git`)
  - DCKeyValueObjectMapping
  - EDStarRating
  - Facebook-iOS-SDK (~> 3.21)
  - hpple
  - HTAutocompleteTextField (= 1.3.1)
  - iCarousel
  - IQKeyboardManager (= 3.2.0.2)
  - JSBadgeView
  - libextobjc
  - LinqToObjectiveC (HEAD)
  - MZFormSheetController (= 2.3.6)
  - ReactiveCocoa
  - SDWebImage (= 3.7.1)
  - SVProgressHUD (HEAD)
  - UIActivityIndicator-for-SDWebImage
  - UIAlertController+Blocks

EXTERNAL SOURCES:
  CTAssetsPickerController:
    :git: https://github.com/sadiq81/CTAssetsPickerController.git

CHECKOUT OPTIONS:
  CTAssetsPickerController:
    :commit: f5bc0ea95be8b0fd305e68fda2802e43f8d61f5a
    :git: https://github.com/sadiq81/CTAssetsPickerController.git

SPEC CHECKSUMS:
  AFNetworking: 0f54cb5d16ce38c1b76948faffb8d5fb705021c7
  ALActionBlocks: 6a899107d2def997caae8de46d82c8fa2421987e
  Bolts: 3db0a875235e0c9042b013af13af0f00f79b102c
  CCBottomRefreshControl: 0dd3b0d9d50a36586495d183a0662fb1d0025579
  CMPopTipView: f731ea93316c4f964d3d5d8e71b4ba0ae30bf5a4
  CTAssetsPickerController: a32bcd6e1c773700537ce784818bba3706b3ece4
  DCKeyValueObjectMapping: c3561709f296ddffba7768a9d7ccf234307fd3c9
  EDStarRating: c7b87f9866be0ea29bb054964023b8eb3f18286c
  Facebook-iOS-SDK: 0eda8ff7120aada0a9c5f98552f7625da6c3440a
  hpple: f4eb7c21a8db83ec264e5d614ec7509e10e5adec
  HTAutocompleteTextField: 1212d1d40c4e8d0ae6508be6faca738fb2919732
  iCarousel: 5acab560f10dc13da2440c89f35a0ad278b5147d
  IQKeyboardManager: f30f3e98fa36ca1599042c9d0cea2fb4f4ac3df9
  JSBadgeView: 75bec79d76e0eb01d57c9ce75b7c5ea8d6707955
  libextobjc: d6146fce3ebea986b7f75fcb4c967639200b88b0
  LinqToObjectiveC: db2ceec81d45192ffe971bbd8e73ef0de614723c
  MZAppearance: c88502c0c2345120630c34e09d5ff09e2969ba30
  MZFormSheetController: a7dce224ce8bd9015abeabca8cb6cde0d49d3fe3
  ReactiveCocoa: 8418a82b67af2f1b7587baf29c329040a23c2063
  SDWebImage: 116e88633b5b416ea0ca4b334a4ac59cf72dd38d
  SVProgressHUD: da7a49e789af645d9279ffbca62318945a832438
  UIActivityIndicator-for-SDWebImage: 8bd92c15280fbe54816448c6b14674145eee05c7
  UIAlertController+Blocks: a02869a586a1e242accabc86beb5f08f00998a76
  UIView+TKGeometry: 60a88dcf2af8420175cb1c789a02d6254ebb89a7

COCOAPODS: 0.35.0
