PODS:
  - AFNetworking (2.5.0):
    - AFNetworking/NSURLConnection (= 2.5.0)
    - AFNetworking/NSURLSession (= 2.5.0)
    - AFNetworking/Reachability (= 2.5.0)
    - AFNetworking/Security (= 2.5.0)
    - AFNetworking/Serialization (= 2.5.0)
    - AFNetworking/UIKit (= 2.5.0)
  - AFNetworking-RACExtensions (0.1.6):
    - AFNetworking (~> 2.0)
    - ReactiveCocoa (~> 2.0)
  - AFNetworking/NSURLConnection (2.5.0):
    - AFNetworking/Reachability
    - AFNetworking/Security
    - AFNetworking/Serialization
  - AFNetworking/NSURLSession (2.5.0):
    - AFNetworking/Reachability
    - AFNetworking/Security
    - AFNetworking/Serialization
  - AFNetworking/Reachability (2.5.0)
  - AFNetworking/Security (2.5.0)
  - AFNetworking/Serialization (2.5.0)
  - AFNetworking/UIKit (2.5.0):
    - AFNetworking/NSURLConnection
    - AFNetworking/NSURLSession
  - ALActionBlocks (1.0.3)
  - AsyncImageView (1.5.1)
  - Bolts (1.1.5):
    - Bolts/AppLinks (= 1.1.5)
    - Bolts/Tasks (= 1.1.5)
  - Bolts/AppLinks (1.1.5):
    - Bolts/Tasks
  - Bolts/Tasks (1.1.5)
  - ClusterPrePermissions (0.5.0)
  - CTAssetsPickerController (2.9.3)
  - DateTools (1.5.0)
  - DCKeyValueObjectMapping (1.4)
  - EDStarRating (1.1)
  - Facebook-iOS-SDK (4.0.1):
    - Bolts (~> 1.0)
    - Facebook-iOS-SDK/CoreKit (= 4.0.1)
    - Facebook-iOS-SDK/LoginKit (= 4.0.1)
    - Facebook-iOS-SDK/ShareKit (= 4.0.1)
  - Facebook-iOS-SDK/CoreKit (4.0.1):
    - Bolts (~> 1.0)
    - Facebook-iOS-SDK/CoreKit/no-arc (= 4.0.1)
  - Facebook-iOS-SDK/CoreKit/no-arc (4.0.1):
    - Bolts (~> 1.0)
  - Facebook-iOS-SDK/LoginKit (4.0.1):
    - Bolts (~> 1.0)
    - Facebook-iOS-SDK/CoreKit
  - Facebook-iOS-SDK/ShareKit (4.0.1):
    - Bolts (~> 1.0)
    - Facebook-iOS-SDK/CoreKit
  - HexColors (2.2.1)
  - hpple (0.2.0)
  - HTAutocompleteTextField (1.3.1)
  - iCarousel (1.8.1)
  - IQKeyboardManager (3.2.3)
  - JSBadgeView (1.3.2)
  - JSQMessagesViewController (7.0.1):
    - JSQSystemSoundPlayer (~> 2.0.1)
  - JSQSystemSoundPlayer (2.0.1)
  - KASlideShow (2.2)
  - LinqToObjectiveC (2.0.0)
  - Masonry (0.6.1)
  - MZAppearance (1.1.3)
  - MZFormSheetController (2.3.6):
    - MZAppearance (~> 1.1.3)
    - MZFormSheetController/Core (= 2.3.6)
  - MZFormSheetController/Core (2.3.6):
    - MZAppearance (~> 1.1.3)
  - Parse (1.7.1):
    - Bolts (~> 1.1)
  - ParseFacebookUtilsV4 (1.7.1):
    - Facebook-iOS-SDK/LoginKit (~> 4.0)
    - Parse (~> 1.7.1)
  - ParseUI (1.1.3):
    - Parse (~> 1.7)
  - pop (1.0.7)
  - ReactiveCocoa (2.4.7):
    - ReactiveCocoa/UI (= 2.4.7)
  - ReactiveCocoa/Core (2.4.7):
    - ReactiveCocoa/no-arc
  - ReactiveCocoa/no-arc (2.4.7)
  - ReactiveCocoa/UI (2.4.7):
    - ReactiveCocoa/Core
  - RMStore (0.7.1):
    - RMStore/Core (= 0.7.1)
  - RMStore/Core (0.7.1)
  - SevenSwitch (1.4.0)
  - SVProgressHUD (1.1.3)
  - SZTextView (1.2.0)
  - TSMessages (0.9.12):
    - HexColors
  - UIAlertController+Blocks (0.8)
  - ZLPromptUserReview (1.0.2)

DEPENDENCIES:
  - AFNetworking (= 2.5.0)
  - AFNetworking-RACExtensions (= 0.1.6)
  - ALActionBlocks (= 1.0.3)
  - AsyncImageView (= 1.5.1)
  - ClusterPrePermissions (~> 0.1)
  - CTAssetsPickerController (~> 2.9.3)
  - DateTools
  - DCKeyValueObjectMapping (= 1.4)
  - EDStarRating (= 1.1)
  - Facebook-iOS-SDK (= 4.0.1)
  - hpple
  - HTAutocompleteTextField (= 1.3.1)
  - iCarousel (= 1.8.1)
  - IQKeyboardManager (= 3.2.3)
  - JSBadgeView (= 1.3.2)
  - JSQMessagesViewController (= 7.0.1)
  - KASlideShow (from `https://github.com/sadiq81/KASlideShow.git`)
  - LinqToObjectiveC (= 2.0.0)
  - Masonry (= 0.6.1)
  - MZFormSheetController (= 2.3.6)
  - Parse (= 1.7.1)
  - ParseFacebookUtilsV4 (= 1.7.1)
  - ParseUI (= 1.1.3)
  - pop (~> 1.0)
  - ReactiveCocoa (= 2.4.7)
  - RMStore (~> 0.7)
  - SevenSwitch (= 1.4.0)
  - SVProgressHUD (= 1.1.3)
  - SZTextView (= 1.2.0)
  - TSMessages (= 0.9.12)
  - UIAlertController+Blocks (= 0.8)
  - ZLPromptUserReview (~> 1.0.0)

EXTERNAL SOURCES:
  KASlideShow:
    :git: https://github.com/sadiq81/KASlideShow.git

CHECKOUT OPTIONS:
  KASlideShow:
    :commit: dd5df54d6ce80bd53a01c7144b79f8908d8d36a1
    :git: https://github.com/sadiq81/KASlideShow.git

SPEC CHECKSUMS:
  AFNetworking: 96ac9bf3eda33582701cb1fcc5b896aa1e20311e
  AFNetworking-RACExtensions: 501ab1564f5be65e01fe3017cda7bba25764c20d
  ALActionBlocks: ac91b1a37b60a8004fb687ddade0600446f3d3fa
  AsyncImageView: db9433939160710b34a5c249479e03af2a2121b0
  Bolts: aac24961496d504aa56fc267cde95162a71bac39
  ClusterPrePermissions: f7c18aed36022662a05048fffb44b24b9e796cff
  CTAssetsPickerController: 56a4a228dcb48a9375ab8d4922e82ac74af74aa1
  DateTools: b93a2c2017747329c6077c7d7e8a75106e23d0d7
  DCKeyValueObjectMapping: 04cd5a338c03ce1c02488926cab6e1d1f704a093
  EDStarRating: a41a6440a945020745d0e9ff8ada7d1afa952114
  Facebook-iOS-SDK: 6d05532c97e9c542f8d87f94b7f6ee217493d00b
  HexColors: abfd172e329dab59888614ccba6f216cec59289d
  hpple: 3b765f96fc2cd56ad1a49aef6f7be5cb2aa64b57
  HTAutocompleteTextField: 40b3680e7986d8ed70e41452bce6c82ffa401f9d
  iCarousel: dace1cb858e3f4dc2614bee3201041247f82feda
  IQKeyboardManager: 6ca5c54e3776eb54af4c7caf515833f3cd761d59
  JSBadgeView: 08284afc9d0eb60069674e517cac2d37d4319208
  JSQMessagesViewController: 03fba8a3021a3ddc1c91847f180ffe549f2e8cf2
  JSQSystemSoundPlayer: c5850e77a4363ffd374cd851154b9af93264ed8d
  KASlideShow: 380f5ecee5f14370c9435ecedccee5b35fb69c5f
  LinqToObjectiveC: 768f98c62d5b57cb6bdb7ab869e33d0a7a2da29c
  Masonry: 4972309f2f134de9dd312f4dc4a21359b50e6caa
  MZAppearance: c2937318234fd782e900fb178942278881ac5490
  MZFormSheetController: e3c0accfab12ed1f9ddf2c61bb8c0abfc6b3f87b
  Parse: fa8ec29de6d82035635986c11946299fb1b38316
  ParseFacebookUtilsV4: fc44a339e38513fb6fc0bafbef34f69df6559e06
  ParseUI: 1a68e9cebc3bd458eed9605ce7b33d7cc082f473
  pop: 628ffc631644601567ee8bfaaaea493ebd7d0923
  ReactiveCocoa: eb38dee0a0e698f73a9b25e5c1faea2bb4c79240
  RMStore: 64ba13a9c040e3b7572765d169f77175cd3243e5
  SevenSwitch: e992e56e2e7f401eb00538b9fa92bf848bacbe27
  SVProgressHUD: 748080e4f36e603f6c02aec292664239df5279c1
  SZTextView: a51ef616064ed07ca44403de1e125bb6f4d4f1fa
  TSMessages: 2a52642128d7ab15b46930c810b9c9403a2b58f3
  UIAlertController+Blocks: 45787b973b5f2f4ca4f01bc76f4175481ce059b3
  ZLPromptUserReview: 5bdd576d6d85db223579c5ace7583e0b77da63be

COCOAPODS: 0.36.4
